PODS:
  - 1PasswordExtension (1.8.4)
  - Alamofire (4.5.1)
  - Differentiator (3.0.1)
  - KeychainAccess (3.1.0)
  - PKHUD (5.0.0)
  - RxCocoa (4.0.0):
    - RxSwift (~> 4.0)
  - RxDataSources (3.0.1):
    - Differentiator (~> 3.0)
    - RxCocoa (~> 4.0)
    - RxSwift (~> 4.0)
  - RxSwift (4.0.0)
  - SwiftyBeaver (1.4.2)
  - SwiftyJSON (3.1.4)

DEPENDENCIES:
  - 1PasswordExtension (from `https://github.com/AgileBits/onepassword-app-extension.git`, branch `new/ios10`)
  - Alamofire (~> 4.4)
  - KeychainAccess
  - PKHUD (~> 5.0)
  - RxCocoa (~> 4.0)
  - RxDataSources (~> 3.0)
  - RxSwift (~> 4.0)
  - SwiftyBeaver
  - SwiftyJSON

EXTERNAL SOURCES:
  1PasswordExtension:
    :branch: new/ios10
    :git: https://github.com/AgileBits/onepassword-app-extension.git

CHECKOUT OPTIONS:
  1PasswordExtension:
    :commit: 0fc27b2bf4af2978e9a1b8e1008003335d53e72e
    :git: https://github.com/AgileBits/onepassword-app-extension.git

SPEC CHECKSUMS:
  1PasswordExtension: e775a29310c65851e5a6cec1afc349ab4e334e47
  Alamofire: 2d95912bf4c34f164fdfc335872e8c312acaea4a
  Differentiator: ffe513ce1ea4e7198b89fac94d6e281c673055a9
  KeychainAccess: 94c5540b32eabf7bc32bfb976a268e8ea05fd6da
  PKHUD: 3c001512c6e002091184197a8de7a20420786e3b
  RxCocoa: d62846ca96495d862fa4c59ea7d87e5031d7340e
  RxDataSources: 098b7e62b6316313b14d6bf594e3f4f4f62a238a
  RxSwift: fd680d75283beb5e2559486f3c0ff852f0d35334
  SwiftyBeaver: 91057725648ee4980308f1650af077d04b3654a0
  SwiftyJSON: c2842d878f95482ffceec5709abc3d05680c0220

PODFILE CHECKSUM: 6e6328986ca24ded84ad6e0a1ee78b4023758168

COCOAPODS: 1.3.1
