// !$*UTF8*$!
{
	archiveVersion = 1;
	classes = {
	};
	objectVersion = 46;
	objects = {

/* Begin PBXBuildFile section */
		0C07ECB982DD6558B7482805 /* Pods_Mobile.framework in Frameworks */ = {isa = PBXBuildFile; fileRef = 277B1BF744AB10F911C41968 /* Pods_Mobile.framework */; };
		3AE727DDF2E5199A990E16B8 /* Pods_MobileTests.framework in Frameworks */ = {isa = PBXBuildFile; fileRef = FBA41CA2CE7F1141301A5503 /* Pods_MobileTests.framework */; };
		C902FF2E1DB816EB0063CD02 /* Keypad.swift in Sources */ = {isa = PBXBuildFile; fileRef = C902FF2D1DB816EB0063CD02 /* Keypad.swift */; };
		C902FF3E1DBD8B3F0063CD02 /* NumberKeypadButton.swift in Sources */ = {isa = PBXBuildFile; fileRef = C902FF3C1DBD8B3F0063CD02 /* NumberKeypadButton.swift */; };
		C902FF3F1DBD8B3F0063CD02 /* OperationKeypadButton.swift in Sources */ = {isa = PBXBuildFile; fileRef = C902FF3D1DBD8B3F0063CD02 /* OperationKeypadButton.swift */; };
		C902FF411DBE70290063CD02 /* Inventory+MyStuff.swift in Sources */ = {isa = PBXBuildFile; fileRef = C902FF401DBE70290063CD02 /* Inventory+MyStuff.swift */; };
		C902FF431DBE769C0063CD02 /* InventoryItem+MyStuff.swift in Sources */ = {isa = PBXBuildFile; fileRef = C902FF421DBE769C0063CD02 /* InventoryItem+MyStuff.swift */; };
		C902FF451DBE76D60063CD02 /* InventoryLocationItem+MyStuff.swift in Sources */ = {isa = PBXBuildFile; fileRef = C902FF441DBE76D60063CD02 /* InventoryLocationItem+MyStuff.swift */; };
		C902FF471DBE76F60063CD02 /* InventoryLocation+MyStuff.swift in Sources */ = {isa = PBXBuildFile; fileRef = C902FF461DBE76F60063CD02 /* InventoryLocation+MyStuff.swift */; };
		C902FF491DBE77130063CD02 /* InventoryLocationCategory+MyStuff.swift in Sources */ = {isa = PBXBuildFile; fileRef = C902FF481DBE77130063CD02 /* InventoryLocationCategory+MyStuff.swift */; };
		C90459131F93E31400E517C7 /* InventoryReviewItemViewModel.swift in Sources */ = {isa = PBXBuildFile; fileRef = C90459121F93E31400E517C7 /* InventoryReviewItemViewModel.swift */; };
		C90477211EEE30D60082D894 /* KeypadViewModel.swift in Sources */ = {isa = PBXBuildFile; fileRef = C90477201EEE30D60082D894 /* KeypadViewModel.swift */; };
		C90482301F96A543001A3E01 /* OrderVendorViewController.storyboard in Resources */ = {isa = PBXBuildFile; fileRef = C904822F1F96A543001A3E01 /* OrderVendorViewController.storyboard */; };
		C9090FFC1EB929EF0035A1DA /* VendorRep+MyStuff.swift in Sources */ = {isa = PBXBuildFile; fileRef = C9090FFB1EB929EF0035A1DA /* VendorRep+MyStuff.swift */; };
		C9090FFE1EB92D8B0035A1DA /* Managed.swift in Sources */ = {isa = PBXBuildFile; fileRef = C9090FFD1EB92D8B0035A1DA /* Managed.swift */; };
		C90CF93E1EFDADC000097DCB /* UIButton+setBackgroundColor.swift in Sources */ = {isa = PBXBuildFile; fileRef = C90CF93D1EFDADC000097DCB /* UIButton+setBackgroundColor.swift */; };
		C9124F751DF0D61E00166A08 /* CoreDataStack.swift in Sources */ = {isa = PBXBuildFile; fileRef = C9124F741DF0D61E00166A08 /* CoreDataStack.swift */; };
		C9124F771DF0D7DD00166A08 /* CoreDataImporter.swift in Sources */ = {isa = PBXBuildFile; fileRef = C9124F761DF0D7DD00166A08 /* CoreDataImporter.swift */; };
		C9174D431F83232C008639CC /* SyncableParent.swift in Sources */ = {isa = PBXBuildFile; fileRef = C9174D421F83232C008639CC /* SyncableParent.swift */; };
		C9174D451F832393008639CC /* NSManagedObjectContext+Syncable.swift in Sources */ = {isa = PBXBuildFile; fileRef = C9174D441F832393008639CC /* NSManagedObjectContext+Syncable.swift */; };
		C9174D471F833265008639CC /* InitialLoginViewModel.swift in Sources */ = {isa = PBXBuildFile; fileRef = C9174D461F833265008639CC /* InitialLoginViewModel.swift */; };
		C91856951F8D881D001B08A0 /* InventoriesFactory.swift in Sources */ = {isa = PBXBuildFile; fileRef = C91856941F8D881D001B08A0 /* InventoriesFactory.swift */; };
		C91B4EDC1E5C2863002DA2A5 /* User.swift in Sources */ = {isa = PBXBuildFile; fileRef = C91B4EDB1E5C2863002DA2A5 /* User.swift */; };
		C91B4EDE1E5CC1FC002DA2A5 /* CurrentUserManager.swift in Sources */ = {isa = PBXBuildFile; fileRef = C91B4EDD1E5CC1FC002DA2A5 /* CurrentUserManager.swift */; };
		C91C92821EFCD98F00566CEB /* OrderItemViewController.storyboard in Resources */ = {isa = PBXBuildFile; fileRef = C91C92811EFCD98F00566CEB /* OrderItemViewController.storyboard */; };
		C91C92841EFCDBE400566CEB /* OrderItemTableViewCell.swift in Sources */ = {isa = PBXBuildFile; fileRef = C91C92831EFCDBE400566CEB /* OrderItemTableViewCell.swift */; };
		C91C92861EFCDD9000566CEB /* RoundButton.swift in Sources */ = {isa = PBXBuildFile; fileRef = C91C92851EFCDD9000566CEB /* RoundButton.swift */; };
		C91C928A1EFCE65800566CEB /* OrderKeypadViewController.storyboard in Resources */ = {isa = PBXBuildFile; fileRef = C91C92891EFCE65800566CEB /* OrderKeypadViewController.storyboard */; };
		C92D75BD1DC7A7C200AA1A02 /* InvoiceVendorViewController.swift in Sources */ = {isa = PBXBuildFile; fileRef = C92D75BC1DC7A7C200AA1A02 /* InvoiceVendorViewController.swift */; };
		C92D75BF1DC7A7E500AA1A02 /* InvoiceItemViewController.swift in Sources */ = {isa = PBXBuildFile; fileRef = C92D75BE1DC7A7E500AA1A02 /* InvoiceItemViewController.swift */; };
		C92D75C11DC7A81400AA1A02 /* InvoiceKeypadViewController.swift in Sources */ = {isa = PBXBuildFile; fileRef = C92D75C01DC7A81400AA1A02 /* InvoiceKeypadViewController.swift */; };
		C92D75C31DC7A93100AA1A02 /* LoginViewController.swift in Sources */ = {isa = PBXBuildFile; fileRef = C92D75C21DC7A93100AA1A02 /* LoginViewController.swift */; };
		C92D75C51DC7A94100AA1A02 /* SettingsViewController.swift in Sources */ = {isa = PBXBuildFile; fileRef = C92D75C41DC7A94100AA1A02 /* SettingsViewController.swift */; };
		C92EC6321F84C80300B47C23 /* RemoteOrder.swift in Sources */ = {isa = PBXBuildFile; fileRef = C92EC6311F84C80300B47C23 /* RemoteOrder.swift */; };
		C935E9A41E60D713003BF386 /* InitialLoginVC.swift in Sources */ = {isa = PBXBuildFile; fileRef = C935E9A31E60D713003BF386 /* InitialLoginVC.swift */; };
		C9428EE71E032FCC002771EA /* Syncable.swift in Sources */ = {isa = PBXBuildFile; fileRef = C9428EE61E032FCC002771EA /* Syncable.swift */; };
		C9428EE91E03314B002771EA /* ItemCategory+MyStuff.swift in Sources */ = {isa = PBXBuildFile; fileRef = C9428EE81E03314B002771EA /* ItemCategory+MyStuff.swift */; };
		C949C20B1F15E354008A5EC4 /* InvoiceKeypadViewController.storyboard in Resources */ = {isa = PBXBuildFile; fileRef = C949C20A1F15E354008A5EC4 /* InvoiceKeypadViewController.storyboard */; };
		C949C20E1F160719008A5EC4 /* InvoiceItemViewModel.swift in Sources */ = {isa = PBXBuildFile; fileRef = C949C20D1F160719008A5EC4 /* InvoiceItemViewModel.swift */; };
		C9534D371F90042B00DA4A78 /* materialized+elements.swift in Sources */ = {isa = PBXBuildFile; fileRef = C9534D361F90042B00DA4A78 /* materialized+elements.swift */; };
		C9564F321F840276007D84F6 /* RemoteInventory.swift in Sources */ = {isa = PBXBuildFile; fileRef = C9564F311F840276007D84F6 /* RemoteInventory.swift */; };
		C95B31041F809B98002ED2B9 /* TimeInterval+MyStuff.swift in Sources */ = {isa = PBXBuildFile; fileRef = C95B31031F809B98002ED2B9 /* TimeInterval+MyStuff.swift */; };
		C95DE42C1F9587580079B43B /* InventoryLocationViewController.storyboard in Resources */ = {isa = PBXBuildFile; fileRef = C95DE42B1F9587580079B43B /* InventoryLocationViewController.storyboard */; };
		C95F52F01F88046C00C90BCD /* UIAlertControllerStyle+Adaptive.swift in Sources */ = {isa = PBXBuildFile; fileRef = C95F52EF1F88046C00C90BCD /* UIAlertControllerStyle+Adaptive.swift */; };
		C96870E21DDA1F0900EC06AB /* InvoiceCollection+MyStuff.swift in Sources */ = {isa = PBXBuildFile; fileRef = C96870E11DDA1F0900EC06AB /* InvoiceCollection+MyStuff.swift */; };
		C96870E41DDA1F1500EC06AB /* Invoice+MyStuff.swift in Sources */ = {isa = PBXBuildFile; fileRef = C96870E31DDA1F1500EC06AB /* Invoice+MyStuff.swift */; };
		C96870E61DDA1F1C00EC06AB /* InvoiceItem+MyStuff.swift in Sources */ = {isa = PBXBuildFile; fileRef = C96870E51DDA1F1C00EC06AB /* InvoiceItem+MyStuff.swift */; };
		C96870E81DDA982A00EC06AB /* NSManagedObjectContext+MyStuff.swift in Sources */ = {isa = PBXBuildFile; fileRef = C96870E71DDA982A00EC06AB /* NSManagedObjectContext+MyStuff.swift */; };
		C968B85E1EF7275E005CE2FC /* OrderViewModel.swift in Sources */ = {isa = PBXBuildFile; fileRef = C968B85D1EF7275E005CE2FC /* OrderViewModel.swift */; };
		C968B8611EF9D171005CE2FC /* UIViewController+Alert.swift in Sources */ = {isa = PBXBuildFile; fileRef = C968B8601EF9D171005CE2FC /* UIViewController+Alert.swift */; };
		C96B74EF1F194F5900C881E0 /* UITextField+Stuff.swift in Sources */ = {isa = PBXBuildFile; fileRef = C96B74EE1F194F5900C881E0 /* UITextField+Stuff.swift */; };
		C971B44A1DC02F9C007DD7A8 /* ColorPalette.swift in Sources */ = {isa = PBXBuildFile; fileRef = C971B4491DC02F9C007DD7A8 /* ColorPalette.swift */; };
		C976305F1F219A0900BA8E42 /* JSON+Date.swift in Sources */ = {isa = PBXBuildFile; fileRef = C976305E1F219A0900BA8E42 /* JSON+Date.swift */; };
		C97A71301F8EC4A100F2F1CD /* OrderVendorViewModel.swift in Sources */ = {isa = PBXBuildFile; fileRef = C97A712F1F8EC4A100F2F1CD /* OrderVendorViewModel.swift */; };
		C97A71321F8EC83700F2F1CD /* InvoiceVendorViewModel.swift in Sources */ = {isa = PBXBuildFile; fileRef = C97A71311F8EC83700F2F1CD /* InvoiceVendorViewModel.swift */; };
		C97A71341F8EC94A00F2F1CD /* InventoryLocationViewModel.swift in Sources */ = {isa = PBXBuildFile; fileRef = C97A71331F8EC94A00F2F1CD /* InventoryLocationViewModel.swift */; };
		C97A71361F8EC96100F2F1CD /* InventoryLocationCategoryViewModel.swift in Sources */ = {isa = PBXBuildFile; fileRef = C97A71351F8EC96100F2F1CD /* InventoryLocationCategoryViewModel.swift */; };
		C97A71381F8ECACE00F2F1CD /* InventoryReviewViewController.swift in Sources */ = {isa = PBXBuildFile; fileRef = C97A71371F8ECACE00F2F1CD /* InventoryReviewViewController.swift */; };
		C97A713A1F8ECADD00F2F1CD /* InventoryReviewViewModel.swift in Sources */ = {isa = PBXBuildFile; fileRef = C97A71391F8ECADD00F2F1CD /* InventoryReviewViewModel.swift */; };
		C97A713D1F8ECEA900F2F1CD /* InventoryReviewViewController.storyboard in Resources */ = {isa = PBXBuildFile; fileRef = C97A713C1F8ECEA900F2F1CD /* InventoryReviewViewController.storyboard */; };
		C98165021F915E7F006EC785 /* SubItemCellViewModelType.swift in Sources */ = {isa = PBXBuildFile; fileRef = C98165011F915E7F006EC785 /* SubItemCellViewModelType.swift */; };
		C982341B1DCD3B3A00E3E353 /* SyncManager.swift in Sources */ = {isa = PBXBuildFile; fileRef = C982341A1DCD3B3A00E3E353 /* SyncManager.swift */; };
		C988CE711DF5050D00A8028B /* Array+MyStuff.swift in Sources */ = {isa = PBXBuildFile; fileRef = C988CE701DF5050D00A8028B /* Array+MyStuff.swift */; };
		C98A4FB11DC927CD002BB076 /* Item+MyStuff.swift in Sources */ = {isa = PBXBuildFile; fileRef = C98A4FB01DC927CD002BB076 /* Item+MyStuff.swift */; };
		C98A4FB31DCB0233002BB076 /* Unit+MyStuff.swift in Sources */ = {isa = PBXBuildFile; fileRef = C98A4FB21DCB0233002BB076 /* Unit+MyStuff.swift */; };
		C98A4FB51DCB0329002BB076 /* Vendor+MyStuff.swift in Sources */ = {isa = PBXBuildFile; fileRef = C98A4FB41DCB0329002BB076 /* Vendor+MyStuff.swift */; };
		C98A90881F97E97400644548 /* InventoryKeypadViewModel.swift in Sources */ = {isa = PBXBuildFile; fileRef = C98A90871F97E97400644548 /* InventoryKeypadViewModel.swift */; };
		C98D91601EDE1CC300B3D4E8 /* OrderKeypadViewModel.swift in Sources */ = {isa = PBXBuildFile; fileRef = C98D915F1EDE1CC300B3D4E8 /* OrderKeypadViewModel.swift */; };
		C98EE04D1DDD800900EE2AC7 /* Date+MyStuff.swift in Sources */ = {isa = PBXBuildFile; fileRef = C98EE04C1DDD800900EE2AC7 /* Date+MyStuff.swift */; };
		C9A0B2EC1E63D2A300404320 /* InitialSignUpViewController.swift in Sources */ = {isa = PBXBuildFile; fileRef = C9A0B2EB1E63D2A300404320 /* InitialSignUpViewController.swift */; };
		C9A14ABC1DC6742700ACDE69 /* OrderVendorViewController.swift in Sources */ = {isa = PBXBuildFile; fileRef = C9A14ABB1DC6742700ACDE69 /* OrderVendorViewController.swift */; };
		C9A14ABE1DC6746300ACDE69 /* OrderItemViewController.swift in Sources */ = {isa = PBXBuildFile; fileRef = C9A14ABD1DC6746300ACDE69 /* OrderItemViewController.swift */; };
		C9A14AC01DC6748000ACDE69 /* OrderKeypadViewController.swift in Sources */ = {isa = PBXBuildFile; fileRef = C9A14ABF1DC6748000ACDE69 /* OrderKeypadViewController.swift */; };
		C9A14AC21DC67A0F00ACDE69 /* InvoiceDateViewController.swift in Sources */ = {isa = PBXBuildFile; fileRef = C9A14AC11DC67A0F00ACDE69 /* InvoiceDateViewController.swift */; };
		C9A14AF21DC6AAA000ACDE69 /* OrderCollection+MyStuff.swift in Sources */ = {isa = PBXBuildFile; fileRef = C9A14AF11DC6AAA000ACDE69 /* OrderCollection+MyStuff.swift */; };
		C9A14AF41DC6B21800ACDE69 /* Order+MyStuff.swift in Sources */ = {isa = PBXBuildFile; fileRef = C9A14AF31DC6B21800ACDE69 /* Order+MyStuff.swift */; };
		C9A14AF61DC6B22300ACDE69 /* OrderItem+MyStuff.swift in Sources */ = {isa = PBXBuildFile; fileRef = C9A14AF51DC6B22300ACDE69 /* OrderItem+MyStuff.swift */; };
		C9B825EB1EB9A47C009B92F0 /* SegueHandler.swift in Sources */ = {isa = PBXBuildFile; fileRef = C9B825EA1EB9A47C009B92F0 /* SegueHandler.swift */; };
		C9BA912C1DEB961E00DA2C6C /* NSObject+Magic.swift in Sources */ = {isa = PBXBuildFile; fileRef = C9BA912B1DEB961E00DA2C6C /* NSObject+Magic.swift */; };
		C9BA912E1DEB969200DA2C6C /* UIView+Magic.swift in Sources */ = {isa = PBXBuildFile; fileRef = C9BA912D1DEB969200DA2C6C /* UIView+Magic.swift */; };
		C9BB05801F8315B000A07529 /* RemoteItem.swift in Sources */ = {isa = PBXBuildFile; fileRef = C9BB057F1F8315B000A07529 /* RemoteItem.swift */; };
		C9BB05831F83162500A07529 /* DataRequest+Decodable.swift in Sources */ = {isa = PBXBuildFile; fileRef = C9BB05821F83162500A07529 /* DataRequest+Decodable.swift */; };
		C9BB05851F83164400A07529 /* AlamofireDecodableError.swift in Sources */ = {isa = PBXBuildFile; fileRef = C9BB05841F83164400A07529 /* AlamofireDecodableError.swift */; };
		C9BB05871F83169800A07529 /* DataManager.swift in Sources */ = {isa = PBXBuildFile; fileRef = C9BB05861F83169800A07529 /* DataManager.swift */; };
		C9BB05891F83171000A07529 /* ActivityIndicator.swift in Sources */ = {isa = PBXBuildFile; fileRef = C9BB05881F83171000A07529 /* ActivityIndicator.swift */; };
		C9BB058B1F831AF900A07529 /* InventoryDateViewModel.swift in Sources */ = {isa = PBXBuildFile; fileRef = C9BB058A1F831AF900A07529 /* InventoryDateViewModel.swift */; };
		C9BB058D1F831B0F00A07529 /* InvoiceDateViewModel.swift in Sources */ = {isa = PBXBuildFile; fileRef = C9BB058C1F831B0F00A07529 /* InvoiceDateViewModel.swift */; };
		C9BB058F1F831B2200A07529 /* OrderDateViewModel.swift in Sources */ = {isa = PBXBuildFile; fileRef = C9BB058E1F831B2200A07529 /* OrderDateViewModel.swift */; };
		C9BB05911F831D6600A07529 /* InventoryDateViewController.swift in Sources */ = {isa = PBXBuildFile; fileRef = C9BB05901F831D6600A07529 /* InventoryDateViewController.swift */; };
		C9C221191EFCD424009C7D01 /* UIViewController+Instance.swift in Sources */ = {isa = PBXBuildFile; fileRef = C9C221181EFCD423009C7D01 /* UIViewController+Instance.swift */; };
		C9C2DA061F0F3BC3007263FB /* SubItemTableViewCell.swift in Sources */ = {isa = PBXBuildFile; fileRef = C9C2DA051F0F3BC3007263FB /* SubItemTableViewCell.swift */; };
		C9C2DA081F0F3EC2007263FB /* InventoryLocationItemViewModel.swift in Sources */ = {isa = PBXBuildFile; fileRef = C9C2DA071F0F3EC2007263FB /* InventoryLocationItemViewModel.swift */; };
		C9C2DA0B1F0F5ADA007263FB /* NSDate+MyStuff.swift in Sources */ = {isa = PBXBuildFile; fileRef = C9C2DA0A1F0F5ADA007263FB /* NSDate+MyStuff.swift */; };
		C9CB6FC61F01D2300094ED07 /* InventoryKeypadViewController.storyboard in Resources */ = {isa = PBXBuildFile; fileRef = C9CB6FC51F01D2300094ED07 /* InventoryKeypadViewController.storyboard */; };
		C9CC04DF1F84C13C00180120 /* RemoteInvoice.swift in Sources */ = {isa = PBXBuildFile; fileRef = C9CC04DE1F84C13C00180120 /* RemoteInvoice.swift */; };
		C9D16F2B1DD277390073F95E /* MessageComposer.swift in Sources */ = {isa = PBXBuildFile; fileRef = C9D16F2A1DD277390073F95E /* MessageComposer.swift */; };
		C9D3E3A71EAD233C0008F444 /* TableViewDataSource.swift in Sources */ = {isa = PBXBuildFile; fileRef = C9D3E3A61EAD233C0008F444 /* TableViewDataSource.swift */; };
		C9DB04F81F8E9C6300C58F55 /* String+MyStuff.swift in Sources */ = {isa = PBXBuildFile; fileRef = C9DB04F71F8E9C6300C58F55 /* String+MyStuff.swift */; };
		C9DEC1061F805CF7004602EB /* DateFacade.swift in Sources */ = {isa = PBXBuildFile; fileRef = C9DEC1051F805CF6004602EB /* DateFacade.swift */; };
		C9DF4E0D1F7479DD009C690A /* NSManagedObjectContext+Managed.swift in Sources */ = {isa = PBXBuildFile; fileRef = C9DF4E0C1F7479DD009C690A /* NSManagedObjectContext+Managed.swift */; };
		C9E198D51DC5669E0065FB98 /* OrderDateViewController.swift in Sources */ = {isa = PBXBuildFile; fileRef = C9E198D41DC5669E0065FB98 /* OrderDateViewController.swift */; };
		C9EB7D8A1EE7910000515429 /* MailComposer.swift in Sources */ = {isa = PBXBuildFile; fileRef = C9EB7D891EE7910000515429 /* MailComposer.swift */; };
		C9EDFD2C1F842F2300C07CB8 /* StoryboardInitializable.swift in Sources */ = {isa = PBXBuildFile; fileRef = C9EDFD2B1F842F2300C07CB8 /* StoryboardInitializable.swift */; };
		C9F515E11DB7EF98004C10E6 /* AppDelegate.swift in Sources */ = {isa = PBXBuildFile; fileRef = C9F515E01DB7EF98004C10E6 /* AppDelegate.swift */; };
		C9F515E31DB7EF98004C10E6 /* ViewController.swift in Sources */ = {isa = PBXBuildFile; fileRef = C9F515E21DB7EF98004C10E6 /* ViewController.swift */; };
		C9F515E61DB7EF98004C10E6 /* Main.storyboard in Resources */ = {isa = PBXBuildFile; fileRef = C9F515E41DB7EF98004C10E6 /* Main.storyboard */; };
		C9F515E91DB7EF98004C10E6 /* Mobile.xcdatamodeld in Sources */ = {isa = PBXBuildFile; fileRef = C9F515E71DB7EF98004C10E6 /* Mobile.xcdatamodeld */; };
		C9F515EB1DB7EF98004C10E6 /* Assets.xcassets in Resources */ = {isa = PBXBuildFile; fileRef = C9F515EA1DB7EF98004C10E6 /* Assets.xcassets */; };
		C9F515EE1DB7EF98004C10E6 /* LaunchScreen.storyboard in Resources */ = {isa = PBXBuildFile; fileRef = C9F515EC1DB7EF98004C10E6 /* LaunchScreen.storyboard */; };
		C9F515F91DB7EF98004C10E6 /* MobileTests.swift in Sources */ = {isa = PBXBuildFile; fileRef = C9F515F81DB7EF98004C10E6 /* MobileTests.swift */; };
		C9F5160C1DB7F133004C10E6 /* InventoryLocationViewController.swift in Sources */ = {isa = PBXBuildFile; fileRef = C9F516071DB7F133004C10E6 /* InventoryLocationViewController.swift */; };
		C9F5160D1DB7F133004C10E6 /* InventoryLocationCategoryTVC.swift in Sources */ = {isa = PBXBuildFile; fileRef = C9F516081DB7F133004C10E6 /* InventoryLocationCategoryTVC.swift */; };
		C9F5160E1DB7F133004C10E6 /* InventoryLocationItemTVC.swift in Sources */ = {isa = PBXBuildFile; fileRef = C9F516091DB7F133004C10E6 /* InventoryLocationItemTVC.swift */; };
		C9F5160F1DB7F133004C10E6 /* InventoryKeypadViewController.swift in Sources */ = {isa = PBXBuildFile; fileRef = C9F5160A1DB7F133004C10E6 /* InventoryKeypadViewController.swift */; };
		C9F516151DB7F158004C10E6 /* Router.swift in Sources */ = {isa = PBXBuildFile; fileRef = C9F516111DB7F158004C10E6 /* Router.swift */; };
		C9F516161DB7F158004C10E6 /* APIManager.swift in Sources */ = {isa = PBXBuildFile; fileRef = C9F516121DB7F158004C10E6 /* APIManager.swift */; };
		C9F516171DB7F158004C10E6 /* AlamofireRequest+JSONSerializable.swift in Sources */ = {isa = PBXBuildFile; fileRef = C9F516131DB7F158004C10E6 /* AlamofireRequest+JSONSerializable.swift */; };
		C9F516181DB7F158004C10E6 /* AuthenticationHandler.swift in Sources */ = {isa = PBXBuildFile; fileRef = C9F516141DB7F158004C10E6 /* AuthenticationHandler.swift */; };
		C9F645591EDF6B53000E1AF4 /* InvoiceKeypadViewModel.swift in Sources */ = {isa = PBXBuildFile; fileRef = C9F645581EDF6B53000E1AF4 /* InvoiceKeypadViewModel.swift */; };
/* End PBXBuildFile section */

/* Begin PBXContainerItemProxy section */
		C9F515F51DB7EF98004C10E6 /* PBXContainerItemProxy */ = {
			isa = PBXContainerItemProxy;
			containerPortal = C9F515D51DB7EF98004C10E6 /* Project object */;
			proxyType = 1;
			remoteGlobalIDString = C9F515DC1DB7EF98004C10E6;
			remoteInfo = Mobile;
		};
/* End PBXContainerItemProxy section */

/* Begin PBXFileReference section */
		1759CF217E0F7753CCC30E90 /* Pods-MobileTests.release.xcconfig */ = {isa = PBXFileReference; includeInIndex = 1; lastKnownFileType = text.xcconfig; name = "Pods-MobileTests.release.xcconfig"; path = "Pods/Target Support Files/Pods-MobileTests/Pods-MobileTests.release.xcconfig"; sourceTree = "<group>"; };
		277B1BF744AB10F911C41968 /* Pods_Mobile.framework */ = {isa = PBXFileReference; explicitFileType = wrapper.framework; includeInIndex = 0; path = Pods_Mobile.framework; sourceTree = BUILT_PRODUCTS_DIR; };
		6B720FCBE35A278707E0AB7A /* Pods-Mobile.debug.xcconfig */ = {isa = PBXFileReference; includeInIndex = 1; lastKnownFileType = text.xcconfig; name = "Pods-Mobile.debug.xcconfig"; path = "Pods/Target Support Files/Pods-Mobile/Pods-Mobile.debug.xcconfig"; sourceTree = "<group>"; };
		C902FF2D1DB816EB0063CD02 /* Keypad.swift */ = {isa = PBXFileReference; fileEncoding = 4; lastKnownFileType = sourcecode.swift; path = Keypad.swift; sourceTree = "<group>"; };
		C902FF3C1DBD8B3F0063CD02 /* NumberKeypadButton.swift */ = {isa = PBXFileReference; fileEncoding = 4; lastKnownFileType = sourcecode.swift; path = NumberKeypadButton.swift; sourceTree = "<group>"; };
		C902FF3D1DBD8B3F0063CD02 /* OperationKeypadButton.swift */ = {isa = PBXFileReference; fileEncoding = 4; lastKnownFileType = sourcecode.swift; path = OperationKeypadButton.swift; sourceTree = "<group>"; };
		C902FF401DBE70290063CD02 /* Inventory+MyStuff.swift */ = {isa = PBXFileReference; fileEncoding = 4; lastKnownFileType = sourcecode.swift; name = "Inventory+MyStuff.swift"; path = "Models/Inventory+MyStuff.swift"; sourceTree = "<group>"; };
		C902FF421DBE769C0063CD02 /* InventoryItem+MyStuff.swift */ = {isa = PBXFileReference; fileEncoding = 4; lastKnownFileType = sourcecode.swift; name = "InventoryItem+MyStuff.swift"; path = "Models/InventoryItem+MyStuff.swift"; sourceTree = "<group>"; };
		C902FF441DBE76D60063CD02 /* InventoryLocationItem+MyStuff.swift */ = {isa = PBXFileReference; fileEncoding = 4; lastKnownFileType = sourcecode.swift; name = "InventoryLocationItem+MyStuff.swift"; path = "Models/InventoryLocationItem+MyStuff.swift"; sourceTree = "<group>"; };
		C902FF461DBE76F60063CD02 /* InventoryLocation+MyStuff.swift */ = {isa = PBXFileReference; fileEncoding = 4; lastKnownFileType = sourcecode.swift; name = "InventoryLocation+MyStuff.swift"; path = "Models/InventoryLocation+MyStuff.swift"; sourceTree = "<group>"; };
		C902FF481DBE77130063CD02 /* InventoryLocationCategory+MyStuff.swift */ = {isa = PBXFileReference; fileEncoding = 4; lastKnownFileType = sourcecode.swift; name = "InventoryLocationCategory+MyStuff.swift"; path = "Models/InventoryLocationCategory+MyStuff.swift"; sourceTree = "<group>"; };
		C90459121F93E31400E517C7 /* InventoryReviewItemViewModel.swift */ = {isa = PBXFileReference; lastKnownFileType = sourcecode.swift; path = InventoryReviewItemViewModel.swift; sourceTree = "<group>"; };
		C90477201EEE30D60082D894 /* KeypadViewModel.swift */ = {isa = PBXFileReference; fileEncoding = 4; lastKnownFileType = sourcecode.swift; name = KeypadViewModel.swift; path = Protocols/KeypadViewModel.swift; sourceTree = "<group>"; };
		C904822F1F96A543001A3E01 /* OrderVendorViewController.storyboard */ = {isa = PBXFileReference; lastKnownFileType = file.storyboard; path = OrderVendorViewController.storyboard; sourceTree = "<group>"; };
		C9090FFB1EB929EF0035A1DA /* VendorRep+MyStuff.swift */ = {isa = PBXFileReference; fileEncoding = 4; lastKnownFileType = sourcecode.swift; path = "VendorRep+MyStuff.swift"; sourceTree = "<group>"; };
		C9090FFD1EB92D8B0035A1DA /* Managed.swift */ = {isa = PBXFileReference; fileEncoding = 4; lastKnownFileType = sourcecode.swift; name = Managed.swift; path = "Core Data Helpers/Managed.swift"; sourceTree = "<group>"; };
		C90CF93D1EFDADC000097DCB /* UIButton+setBackgroundColor.swift */ = {isa = PBXFileReference; fileEncoding = 4; lastKnownFileType = sourcecode.swift; path = "UIButton+setBackgroundColor.swift"; sourceTree = "<group>"; };
		C9124F741DF0D61E00166A08 /* CoreDataStack.swift */ = {isa = PBXFileReference; fileEncoding = 4; lastKnownFileType = sourcecode.swift; name = CoreDataStack.swift; path = "Core Data Helpers/CoreDataStack.swift"; sourceTree = "<group>"; };
		C9124F761DF0D7DD00166A08 /* CoreDataImporter.swift */ = {isa = PBXFileReference; fileEncoding = 4; lastKnownFileType = sourcecode.swift; name = CoreDataImporter.swift; path = "Core Data Helpers/CoreDataImporter.swift"; sourceTree = "<group>"; };
		C9174D421F83232C008639CC /* SyncableParent.swift */ = {isa = PBXFileReference; lastKnownFileType = sourcecode.swift; name = SyncableParent.swift; path = "Core Data Helpers/SyncableParent.swift"; sourceTree = "<group>"; };
		C9174D441F832393008639CC /* NSManagedObjectContext+Syncable.swift */ = {isa = PBXFileReference; lastKnownFileType = sourcecode.swift; name = "NSManagedObjectContext+Syncable.swift"; path = "Core Data Helpers/NSManagedObjectContext+Syncable.swift"; sourceTree = "<group>"; };
		C9174D461F833265008639CC /* InitialLoginViewModel.swift */ = {isa = PBXFileReference; lastKnownFileType = sourcecode.swift; path = InitialLoginViewModel.swift; sourceTree = "<group>"; };
		C91856941F8D881D001B08A0 /* InventoriesFactory.swift */ = {isa = PBXFileReference; lastKnownFileType = sourcecode.swift; name = InventoriesFactory.swift; path = Models/InventoriesFactory.swift; sourceTree = "<group>"; };
		C91B4EDB1E5C2863002DA2A5 /* User.swift */ = {isa = PBXFileReference; fileEncoding = 4; lastKnownFileType = sourcecode.swift; path = User.swift; sourceTree = "<group>"; };
		C91B4EDD1E5CC1FC002DA2A5 /* CurrentUserManager.swift */ = {isa = PBXFileReference; fileEncoding = 4; lastKnownFileType = sourcecode.swift; path = CurrentUserManager.swift; sourceTree = "<group>"; };
		C91C92811EFCD98F00566CEB /* OrderItemViewController.storyboard */ = {isa = PBXFileReference; fileEncoding = 4; lastKnownFileType = file.storyboard; path = OrderItemViewController.storyboard; sourceTree = "<group>"; };
		C91C92831EFCDBE400566CEB /* OrderItemTableViewCell.swift */ = {isa = PBXFileReference; fileEncoding = 4; lastKnownFileType = sourcecode.swift; path = OrderItemTableViewCell.swift; sourceTree = "<group>"; };
		C91C92851EFCDD9000566CEB /* RoundButton.swift */ = {isa = PBXFileReference; fileEncoding = 4; lastKnownFileType = sourcecode.swift; path = RoundButton.swift; sourceTree = "<group>"; };
		C91C92891EFCE65800566CEB /* OrderKeypadViewController.storyboard */ = {isa = PBXFileReference; fileEncoding = 4; lastKnownFileType = file.storyboard; path = OrderKeypadViewController.storyboard; sourceTree = "<group>"; };
		C92D75BC1DC7A7C200AA1A02 /* InvoiceVendorViewController.swift */ = {isa = PBXFileReference; fileEncoding = 4; lastKnownFileType = sourcecode.swift; path = InvoiceVendorViewController.swift; sourceTree = "<group>"; };
		C92D75BE1DC7A7E500AA1A02 /* InvoiceItemViewController.swift */ = {isa = PBXFileReference; fileEncoding = 4; lastKnownFileType = sourcecode.swift; path = InvoiceItemViewController.swift; sourceTree = "<group>"; };
		C92D75C01DC7A81400AA1A02 /* InvoiceKeypadViewController.swift */ = {isa = PBXFileReference; fileEncoding = 4; lastKnownFileType = sourcecode.swift; path = InvoiceKeypadViewController.swift; sourceTree = "<group>"; };
		C92D75C21DC7A93100AA1A02 /* LoginViewController.swift */ = {isa = PBXFileReference; fileEncoding = 4; lastKnownFileType = sourcecode.swift; path = LoginViewController.swift; sourceTree = "<group>"; };
		C92D75C41DC7A94100AA1A02 /* SettingsViewController.swift */ = {isa = PBXFileReference; fileEncoding = 4; lastKnownFileType = sourcecode.swift; path = SettingsViewController.swift; sourceTree = "<group>"; };
		C92EC6311F84C80300B47C23 /* RemoteOrder.swift */ = {isa = PBXFileReference; lastKnownFileType = sourcecode.swift; name = RemoteOrder.swift; path = Models/RemoteOrder.swift; sourceTree = "<group>"; };
		C935E9A31E60D713003BF386 /* InitialLoginVC.swift */ = {isa = PBXFileReference; fileEncoding = 4; lastKnownFileType = sourcecode.swift; path = InitialLoginVC.swift; sourceTree = "<group>"; };
		C94084761EFCCB7F00638E25 /* Dynamic.swift */ = {isa = PBXFileReference; lastKnownFileType = sourcecode.swift; path = Dynamic.swift; sourceTree = "<group>"; };
		C9428EE61E032FCC002771EA /* Syncable.swift */ = {isa = PBXFileReference; fileEncoding = 4; lastKnownFileType = sourcecode.swift; name = Syncable.swift; path = "Core Data Helpers/Syncable.swift"; sourceTree = "<group>"; };
		C9428EE81E03314B002771EA /* ItemCategory+MyStuff.swift */ = {isa = PBXFileReference; fileEncoding = 4; lastKnownFileType = sourcecode.swift; path = "ItemCategory+MyStuff.swift"; sourceTree = "<group>"; };
		C949C20A1F15E354008A5EC4 /* InvoiceKeypadViewController.storyboard */ = {isa = PBXFileReference; fileEncoding = 4; lastKnownFileType = file.storyboard; path = InvoiceKeypadViewController.storyboard; sourceTree = "<group>"; };
		C949C20D1F160719008A5EC4 /* InvoiceItemViewModel.swift */ = {isa = PBXFileReference; fileEncoding = 4; lastKnownFileType = sourcecode.swift; path = InvoiceItemViewModel.swift; sourceTree = "<group>"; };
		C9534D361F90042B00DA4A78 /* materialized+elements.swift */ = {isa = PBXFileReference; lastKnownFileType = sourcecode.swift; path = "materialized+elements.swift"; sourceTree = "<group>"; };
		C9564F311F840276007D84F6 /* RemoteInventory.swift */ = {isa = PBXFileReference; lastKnownFileType = sourcecode.swift; name = RemoteInventory.swift; path = Models/RemoteInventory.swift; sourceTree = "<group>"; };
		C95B31031F809B98002ED2B9 /* TimeInterval+MyStuff.swift */ = {isa = PBXFileReference; lastKnownFileType = sourcecode.swift; path = "TimeInterval+MyStuff.swift"; sourceTree = "<group>"; };
		C95DE42B1F9587580079B43B /* InventoryLocationViewController.storyboard */ = {isa = PBXFileReference; lastKnownFileType = file.storyboard; path = InventoryLocationViewController.storyboard; sourceTree = "<group>"; };
		C95F52EF1F88046C00C90BCD /* UIAlertControllerStyle+Adaptive.swift */ = {isa = PBXFileReference; lastKnownFileType = sourcecode.swift; path = "UIAlertControllerStyle+Adaptive.swift"; sourceTree = "<group>"; };
		C96870E11DDA1F0900EC06AB /* InvoiceCollection+MyStuff.swift */ = {isa = PBXFileReference; fileEncoding = 4; lastKnownFileType = sourcecode.swift; name = "InvoiceCollection+MyStuff.swift"; path = "Models/InvoiceCollection+MyStuff.swift"; sourceTree = "<group>"; };
		C96870E31DDA1F1500EC06AB /* Invoice+MyStuff.swift */ = {isa = PBXFileReference; fileEncoding = 4; lastKnownFileType = sourcecode.swift; name = "Invoice+MyStuff.swift"; path = "Models/Invoice+MyStuff.swift"; sourceTree = "<group>"; };
		C96870E51DDA1F1C00EC06AB /* InvoiceItem+MyStuff.swift */ = {isa = PBXFileReference; fileEncoding = 4; lastKnownFileType = sourcecode.swift; name = "InvoiceItem+MyStuff.swift"; path = "Models/InvoiceItem+MyStuff.swift"; sourceTree = "<group>"; };
		C96870E71DDA982A00EC06AB /* NSManagedObjectContext+MyStuff.swift */ = {isa = PBXFileReference; fileEncoding = 4; lastKnownFileType = sourcecode.swift; name = "NSManagedObjectContext+MyStuff.swift"; path = "Core Data Helpers/NSManagedObjectContext+MyStuff.swift"; sourceTree = "<group>"; };
		C968B85D1EF7275E005CE2FC /* OrderViewModel.swift */ = {isa = PBXFileReference; fileEncoding = 4; lastKnownFileType = sourcecode.swift; path = OrderViewModel.swift; sourceTree = "<group>"; };
		C968B85F1EF8DD63005CE2FC /* Mobile 2.xcdatamodel */ = {isa = PBXFileReference; lastKnownFileType = wrapper.xcdatamodel; path = "Mobile 2.xcdatamodel"; sourceTree = "<group>"; };
		C968B8601EF9D171005CE2FC /* UIViewController+Alert.swift */ = {isa = PBXFileReference; fileEncoding = 4; lastKnownFileType = sourcecode.swift; path = "UIViewController+Alert.swift"; sourceTree = "<group>"; };
		C96B74EE1F194F5900C881E0 /* UITextField+Stuff.swift */ = {isa = PBXFileReference; fileEncoding = 4; lastKnownFileType = sourcecode.swift; path = "UITextField+Stuff.swift"; sourceTree = "<group>"; };
		C971B4491DC02F9C007DD7A8 /* ColorPalette.swift */ = {isa = PBXFileReference; fileEncoding = 4; lastKnownFileType = sourcecode.swift; path = ColorPalette.swift; sourceTree = "<group>"; };
		C976305E1F219A0900BA8E42 /* JSON+Date.swift */ = {isa = PBXFileReference; fileEncoding = 4; lastKnownFileType = sourcecode.swift; path = "JSON+Date.swift"; sourceTree = "<group>"; };
		C97A712F1F8EC4A100F2F1CD /* OrderVendorViewModel.swift */ = {isa = PBXFileReference; lastKnownFileType = sourcecode.swift; path = OrderVendorViewModel.swift; sourceTree = "<group>"; };
		C97A71311F8EC83700F2F1CD /* InvoiceVendorViewModel.swift */ = {isa = PBXFileReference; lastKnownFileType = sourcecode.swift; path = InvoiceVendorViewModel.swift; sourceTree = "<group>"; };
		C97A71331F8EC94A00F2F1CD /* InventoryLocationViewModel.swift */ = {isa = PBXFileReference; lastKnownFileType = sourcecode.swift; path = InventoryLocationViewModel.swift; sourceTree = "<group>"; };
		C97A71351F8EC96100F2F1CD /* InventoryLocationCategoryViewModel.swift */ = {isa = PBXFileReference; lastKnownFileType = sourcecode.swift; path = InventoryLocationCategoryViewModel.swift; sourceTree = "<group>"; };
		C97A71371F8ECACE00F2F1CD /* InventoryReviewViewController.swift */ = {isa = PBXFileReference; lastKnownFileType = sourcecode.swift; path = InventoryReviewViewController.swift; sourceTree = "<group>"; };
		C97A71391F8ECADD00F2F1CD /* InventoryReviewViewModel.swift */ = {isa = PBXFileReference; lastKnownFileType = sourcecode.swift; path = InventoryReviewViewModel.swift; sourceTree = "<group>"; };
		C97A713C1F8ECEA900F2F1CD /* InventoryReviewViewController.storyboard */ = {isa = PBXFileReference; lastKnownFileType = file.storyboard; path = InventoryReviewViewController.storyboard; sourceTree = "<group>"; };
		C98165011F915E7F006EC785 /* SubItemCellViewModelType.swift */ = {isa = PBXFileReference; lastKnownFileType = sourcecode.swift; path = SubItemCellViewModelType.swift; sourceTree = "<group>"; };
		C982341A1DCD3B3A00E3E353 /* SyncManager.swift */ = {isa = PBXFileReference; fileEncoding = 4; lastKnownFileType = sourcecode.swift; path = SyncManager.swift; sourceTree = "<group>"; };
		C988CE701DF5050D00A8028B /* Array+MyStuff.swift */ = {isa = PBXFileReference; fileEncoding = 4; lastKnownFileType = sourcecode.swift; path = "Array+MyStuff.swift"; sourceTree = "<group>"; };
		C98A4FB01DC927CD002BB076 /* Item+MyStuff.swift */ = {isa = PBXFileReference; fileEncoding = 4; lastKnownFileType = sourcecode.swift; path = "Item+MyStuff.swift"; sourceTree = "<group>"; };
		C98A4FB21DCB0233002BB076 /* Unit+MyStuff.swift */ = {isa = PBXFileReference; fileEncoding = 4; lastKnownFileType = sourcecode.swift; path = "Unit+MyStuff.swift"; sourceTree = "<group>"; };
		C98A4FB41DCB0329002BB076 /* Vendor+MyStuff.swift */ = {isa = PBXFileReference; fileEncoding = 4; lastKnownFileType = sourcecode.swift; path = "Vendor+MyStuff.swift"; sourceTree = "<group>"; };
		C98A90871F97E97400644548 /* InventoryKeypadViewModel.swift */ = {isa = PBXFileReference; lastKnownFileType = sourcecode.swift; path = InventoryKeypadViewModel.swift; sourceTree = "<group>"; };
		C98D915F1EDE1CC300B3D4E8 /* OrderKeypadViewModel.swift */ = {isa = PBXFileReference; fileEncoding = 4; lastKnownFileType = sourcecode.swift; path = OrderKeypadViewModel.swift; sourceTree = "<group>"; };
		C98EE04C1DDD800900EE2AC7 /* Date+MyStuff.swift */ = {isa = PBXFileReference; fileEncoding = 4; lastKnownFileType = sourcecode.swift; path = "Date+MyStuff.swift"; sourceTree = "<group>"; };
		C9A0B2EB1E63D2A300404320 /* InitialSignUpViewController.swift */ = {isa = PBXFileReference; fileEncoding = 4; lastKnownFileType = sourcecode.swift; path = InitialSignUpViewController.swift; sourceTree = "<group>"; };
		C9A14ABB1DC6742700ACDE69 /* OrderVendorViewController.swift */ = {isa = PBXFileReference; fileEncoding = 4; lastKnownFileType = sourcecode.swift; path = OrderVendorViewController.swift; sourceTree = "<group>"; };
		C9A14ABD1DC6746300ACDE69 /* OrderItemViewController.swift */ = {isa = PBXFileReference; fileEncoding = 4; lastKnownFileType = sourcecode.swift; path = OrderItemViewController.swift; sourceTree = "<group>"; };
		C9A14ABF1DC6748000ACDE69 /* OrderKeypadViewController.swift */ = {isa = PBXFileReference; fileEncoding = 4; lastKnownFileType = sourcecode.swift; path = OrderKeypadViewController.swift; sourceTree = "<group>"; };
		C9A14AC11DC67A0F00ACDE69 /* InvoiceDateViewController.swift */ = {isa = PBXFileReference; fileEncoding = 4; lastKnownFileType = sourcecode.swift; path = InvoiceDateViewController.swift; sourceTree = "<group>"; };
		C9A14AF11DC6AAA000ACDE69 /* OrderCollection+MyStuff.swift */ = {isa = PBXFileReference; fileEncoding = 4; lastKnownFileType = sourcecode.swift; name = "OrderCollection+MyStuff.swift"; path = "Models/OrderCollection+MyStuff.swift"; sourceTree = "<group>"; };
		C9A14AF31DC6B21800ACDE69 /* Order+MyStuff.swift */ = {isa = PBXFileReference; fileEncoding = 4; lastKnownFileType = sourcecode.swift; name = "Order+MyStuff.swift"; path = "Models/Order+MyStuff.swift"; sourceTree = "<group>"; };
		C9A14AF51DC6B22300ACDE69 /* OrderItem+MyStuff.swift */ = {isa = PBXFileReference; fileEncoding = 4; lastKnownFileType = sourcecode.swift; name = "OrderItem+MyStuff.swift"; path = "Models/OrderItem+MyStuff.swift"; sourceTree = "<group>"; };
		C9B825EA1EB9A47C009B92F0 /* SegueHandler.swift */ = {isa = PBXFileReference; fileEncoding = 4; lastKnownFileType = sourcecode.swift; name = SegueHandler.swift; path = Protocols/SegueHandler.swift; sourceTree = "<group>"; };
		C9BA912B1DEB961E00DA2C6C /* NSObject+Magic.swift */ = {isa = PBXFileReference; fileEncoding = 4; lastKnownFileType = sourcecode.swift; path = "NSObject+Magic.swift"; sourceTree = "<group>"; };
		C9BA912D1DEB969200DA2C6C /* UIView+Magic.swift */ = {isa = PBXFileReference; fileEncoding = 4; lastKnownFileType = sourcecode.swift; path = "UIView+Magic.swift"; sourceTree = "<group>"; };
		C9BB057F1F8315B000A07529 /* RemoteItem.swift */ = {isa = PBXFileReference; lastKnownFileType = sourcecode.swift; path = RemoteItem.swift; sourceTree = "<group>"; };
		C9BB05821F83162500A07529 /* DataRequest+Decodable.swift */ = {isa = PBXFileReference; lastKnownFileType = sourcecode.swift; path = "DataRequest+Decodable.swift"; sourceTree = "<group>"; };
		C9BB05841F83164400A07529 /* AlamofireDecodableError.swift */ = {isa = PBXFileReference; lastKnownFileType = sourcecode.swift; path = AlamofireDecodableError.swift; sourceTree = "<group>"; };
		C9BB05861F83169800A07529 /* DataManager.swift */ = {isa = PBXFileReference; lastKnownFileType = sourcecode.swift; path = DataManager.swift; sourceTree = "<group>"; };
		C9BB05881F83171000A07529 /* ActivityIndicator.swift */ = {isa = PBXFileReference; lastKnownFileType = sourcecode.swift; path = ActivityIndicator.swift; sourceTree = "<group>"; };
		C9BB058A1F831AF900A07529 /* InventoryDateViewModel.swift */ = {isa = PBXFileReference; lastKnownFileType = sourcecode.swift; path = InventoryDateViewModel.swift; sourceTree = "<group>"; };
		C9BB058C1F831B0F00A07529 /* InvoiceDateViewModel.swift */ = {isa = PBXFileReference; lastKnownFileType = sourcecode.swift; path = InvoiceDateViewModel.swift; sourceTree = "<group>"; };
		C9BB058E1F831B2200A07529 /* OrderDateViewModel.swift */ = {isa = PBXFileReference; lastKnownFileType = sourcecode.swift; path = OrderDateViewModel.swift; sourceTree = "<group>"; };
		C9BB05901F831D6600A07529 /* InventoryDateViewController.swift */ = {isa = PBXFileReference; lastKnownFileType = sourcecode.swift; path = InventoryDateViewController.swift; sourceTree = "<group>"; };
		C9C221181EFCD423009C7D01 /* UIViewController+Instance.swift */ = {isa = PBXFileReference; lastKnownFileType = sourcecode.swift; path = "UIViewController+Instance.swift"; sourceTree = "<group>"; };
		C9C2DA051F0F3BC3007263FB /* SubItemTableViewCell.swift */ = {isa = PBXFileReference; fileEncoding = 4; lastKnownFileType = sourcecode.swift; path = SubItemTableViewCell.swift; sourceTree = "<group>"; };
		C9C2DA071F0F3EC2007263FB /* InventoryLocationItemViewModel.swift */ = {isa = PBXFileReference; fileEncoding = 4; lastKnownFileType = sourcecode.swift; path = InventoryLocationItemViewModel.swift; sourceTree = "<group>"; };
		C9C2DA0A1F0F5ADA007263FB /* NSDate+MyStuff.swift */ = {isa = PBXFileReference; fileEncoding = 4; lastKnownFileType = sourcecode.swift; path = "NSDate+MyStuff.swift"; sourceTree = "<group>"; };
		C9CB6FC51F01D2300094ED07 /* InventoryKeypadViewController.storyboard */ = {isa = PBXFileReference; fileEncoding = 4; lastKnownFileType = file.storyboard; path = InventoryKeypadViewController.storyboard; sourceTree = "<group>"; };
		C9CC04DE1F84C13C00180120 /* RemoteInvoice.swift */ = {isa = PBXFileReference; lastKnownFileType = sourcecode.swift; name = RemoteInvoice.swift; path = Models/RemoteInvoice.swift; sourceTree = "<group>"; };
		C9D16F2A1DD277390073F95E /* MessageComposer.swift */ = {isa = PBXFileReference; fileEncoding = 4; lastKnownFileType = sourcecode.swift; path = MessageComposer.swift; sourceTree = "<group>"; };
		C9D3E3A61EAD233C0008F444 /* TableViewDataSource.swift */ = {isa = PBXFileReference; fileEncoding = 4; lastKnownFileType = sourcecode.swift; name = TableViewDataSource.swift; path = "Core Data Helpers/TableViewDataSource.swift"; sourceTree = "<group>"; };
		C9DB04F71F8E9C6300C58F55 /* String+MyStuff.swift */ = {isa = PBXFileReference; lastKnownFileType = sourcecode.swift; path = "String+MyStuff.swift"; sourceTree = "<group>"; };
		C9DEC1051F805CF6004602EB /* DateFacade.swift */ = {isa = PBXFileReference; lastKnownFileType = sourcecode.swift; name = DateFacade.swift; path = Protocols/DateFacade.swift; sourceTree = "<group>"; };
		C9DF4E0C1F7479DD009C690A /* NSManagedObjectContext+Managed.swift */ = {isa = PBXFileReference; lastKnownFileType = sourcecode.swift; name = "NSManagedObjectContext+Managed.swift"; path = "Core Data Helpers/NSManagedObjectContext+Managed.swift"; sourceTree = "<group>"; };
		C9E198D41DC5669E0065FB98 /* OrderDateViewController.swift */ = {isa = PBXFileReference; fileEncoding = 4; lastKnownFileType = sourcecode.swift; path = OrderDateViewController.swift; sourceTree = "<group>"; };
		C9EB7D891EE7910000515429 /* MailComposer.swift */ = {isa = PBXFileReference; fileEncoding = 4; lastKnownFileType = sourcecode.swift; path = MailComposer.swift; sourceTree = "<group>"; };
		C9ECDB271F214DB9002AA99E /* Mobile 3a.xcdatamodel */ = {isa = PBXFileReference; lastKnownFileType = wrapper.xcdatamodel; path = "Mobile 3a.xcdatamodel"; sourceTree = "<group>"; };
		C9EDFD2B1F842F2300C07CB8 /* StoryboardInitializable.swift */ = {isa = PBXFileReference; lastKnownFileType = sourcecode.swift; name = StoryboardInitializable.swift; path = Protocols/StoryboardInitializable.swift; sourceTree = "<group>"; };
		C9F515DD1DB7EF98004C10E6 /* Mobile.app */ = {isa = PBXFileReference; explicitFileType = wrapper.application; includeInIndex = 0; path = Mobile.app; sourceTree = BUILT_PRODUCTS_DIR; };
		C9F515E01DB7EF98004C10E6 /* AppDelegate.swift */ = {isa = PBXFileReference; lastKnownFileType = sourcecode.swift; path = AppDelegate.swift; sourceTree = "<group>"; };
		C9F515E21DB7EF98004C10E6 /* ViewController.swift */ = {isa = PBXFileReference; lastKnownFileType = sourcecode.swift; path = ViewController.swift; sourceTree = "<group>"; };
		C9F515E51DB7EF98004C10E6 /* Base */ = {isa = PBXFileReference; lastKnownFileType = file.storyboard; name = Base; path = Base.lproj/Main.storyboard; sourceTree = "<group>"; };
		C9F515E81DB7EF98004C10E6 /* Mobile.xcdatamodel */ = {isa = PBXFileReference; lastKnownFileType = wrapper.xcdatamodel; path = Mobile.xcdatamodel; sourceTree = "<group>"; };
		C9F515EA1DB7EF98004C10E6 /* Assets.xcassets */ = {isa = PBXFileReference; lastKnownFileType = folder.assetcatalog; path = Assets.xcassets; sourceTree = "<group>"; };
		C9F515ED1DB7EF98004C10E6 /* Base */ = {isa = PBXFileReference; lastKnownFileType = file.storyboard; name = Base; path = Base.lproj/LaunchScreen.storyboard; sourceTree = "<group>"; };
		C9F515EF1DB7EF98004C10E6 /* Info.plist */ = {isa = PBXFileReference; lastKnownFileType = text.plist.xml; path = Info.plist; sourceTree = "<group>"; };
		C9F515F41DB7EF98004C10E6 /* MobileTests.xctest */ = {isa = PBXFileReference; explicitFileType = wrapper.cfbundle; includeInIndex = 0; path = MobileTests.xctest; sourceTree = BUILT_PRODUCTS_DIR; };
		C9F515F81DB7EF98004C10E6 /* MobileTests.swift */ = {isa = PBXFileReference; lastKnownFileType = sourcecode.swift; path = MobileTests.swift; sourceTree = "<group>"; };
		C9F515FA1DB7EF98004C10E6 /* Info.plist */ = {isa = PBXFileReference; lastKnownFileType = text.plist.xml; path = Info.plist; sourceTree = "<group>"; };
		C9F516031DB7F05A004C10E6 /* Mobile.entitlements */ = {isa = PBXFileReference; lastKnownFileType = text.plist.entitlements; path = Mobile.entitlements; sourceTree = "<group>"; };
		C9F516071DB7F133004C10E6 /* InventoryLocationViewController.swift */ = {isa = PBXFileReference; fileEncoding = 4; lastKnownFileType = sourcecode.swift; path = InventoryLocationViewController.swift; sourceTree = "<group>"; };
		C9F516081DB7F133004C10E6 /* InventoryLocationCategoryTVC.swift */ = {isa = PBXFileReference; fileEncoding = 4; lastKnownFileType = sourcecode.swift; path = InventoryLocationCategoryTVC.swift; sourceTree = "<group>"; };
		C9F516091DB7F133004C10E6 /* InventoryLocationItemTVC.swift */ = {isa = PBXFileReference; fileEncoding = 4; lastKnownFileType = sourcecode.swift; path = InventoryLocationItemTVC.swift; sourceTree = "<group>"; };
		C9F5160A1DB7F133004C10E6 /* InventoryKeypadViewController.swift */ = {isa = PBXFileReference; fileEncoding = 4; lastKnownFileType = sourcecode.swift; path = InventoryKeypadViewController.swift; sourceTree = "<group>"; };
		C9F516111DB7F158004C10E6 /* Router.swift */ = {isa = PBXFileReference; fileEncoding = 4; lastKnownFileType = sourcecode.swift; path = Router.swift; sourceTree = "<group>"; };
		C9F516121DB7F158004C10E6 /* APIManager.swift */ = {isa = PBXFileReference; fileEncoding = 4; lastKnownFileType = sourcecode.swift; path = APIManager.swift; sourceTree = "<group>"; };
		C9F516131DB7F158004C10E6 /* AlamofireRequest+JSONSerializable.swift */ = {isa = PBXFileReference; fileEncoding = 4; lastKnownFileType = sourcecode.swift; path = "AlamofireRequest+JSONSerializable.swift"; sourceTree = "<group>"; };
		C9F516141DB7F158004C10E6 /* AuthenticationHandler.swift */ = {isa = PBXFileReference; fileEncoding = 4; lastKnownFileType = sourcecode.swift; path = AuthenticationHandler.swift; sourceTree = "<group>"; };
		C9F645581EDF6B53000E1AF4 /* InvoiceKeypadViewModel.swift */ = {isa = PBXFileReference; fileEncoding = 4; lastKnownFileType = sourcecode.swift; path = InvoiceKeypadViewModel.swift; sourceTree = "<group>"; };
		D430FB7BCEC8764AA38D8E28 /* Pods-MobileTests.debug.xcconfig */ = {isa = PBXFileReference; includeInIndex = 1; lastKnownFileType = text.xcconfig; name = "Pods-MobileTests.debug.xcconfig"; path = "Pods/Target Support Files/Pods-MobileTests/Pods-MobileTests.debug.xcconfig"; sourceTree = "<group>"; };
		E7E121BAFBB6D4F072EDD6C3 /* Pods-Mobile.release.xcconfig */ = {isa = PBXFileReference; includeInIndex = 1; lastKnownFileType = text.xcconfig; name = "Pods-Mobile.release.xcconfig"; path = "Pods/Target Support Files/Pods-Mobile/Pods-Mobile.release.xcconfig"; sourceTree = "<group>"; };
		FBA41CA2CE7F1141301A5503 /* Pods_MobileTests.framework */ = {isa = PBXFileReference; explicitFileType = wrapper.framework; includeInIndex = 0; path = Pods_MobileTests.framework; sourceTree = BUILT_PRODUCTS_DIR; };
/* End PBXFileReference section */

/* Begin PBXFrameworksBuildPhase section */
		C9F515DA1DB7EF98004C10E6 /* Frameworks */ = {
			isa = PBXFrameworksBuildPhase;
			buildActionMask = 2147483647;
			files = (
				0C07ECB982DD6558B7482805 /* Pods_Mobile.framework in Frameworks */,
			);
			runOnlyForDeploymentPostprocessing = 0;
		};
		C9F515F11DB7EF98004C10E6 /* Frameworks */ = {
			isa = PBXFrameworksBuildPhase;
			buildActionMask = 2147483647;
			files = (
				3AE727DDF2E5199A990E16B8 /* Pods_MobileTests.framework in Frameworks */,
			);
			runOnlyForDeploymentPostprocessing = 0;
		};
/* End PBXFrameworksBuildPhase section */

/* Begin PBXGroup section */
		2CB51C8B861C60945D4B77A9 /* Frameworks */ = {
			isa = PBXGroup;
			children = (
				277B1BF744AB10F911C41968 /* Pods_Mobile.framework */,
				FBA41CA2CE7F1141301A5503 /* Pods_MobileTests.framework */,
			);
			name = Frameworks;
			sourceTree = "<group>";
		};
		C902FF2F1DB81BD00063CD02 /* Settings */ = {
			isa = PBXGroup;
			children = (
				C92D75C41DC7A94100AA1A02 /* SettingsViewController.swift */,
				C92D75C21DC7A93100AA1A02 /* LoginViewController.swift */,
			);
			path = Settings;
			sourceTree = "<group>";
		};
		C902FF311DB81BF70063CD02 /* Invoice */ = {
			isa = PBXGroup;
			children = (
				C97A71281F8EC03D00F2F1CD /* Date List */,
				C97A71291F8EC04F00F2F1CD /* Vendor List */,
				C949C20C1F1606E6008A5EC4 /* Item List */,
				C949C2091F15E210008A5EC4 /* Keypad */,
			);
			path = Invoice;
			sourceTree = "<group>";
		};
		C902FF4A1DBE77290063CD02 /* Inventory Models */ = {
			isa = PBXGroup;
			children = (
				C902FF401DBE70290063CD02 /* Inventory+MyStuff.swift */,
				C902FF421DBE769C0063CD02 /* InventoryItem+MyStuff.swift */,
				C902FF441DBE76D60063CD02 /* InventoryLocationItem+MyStuff.swift */,
				C902FF461DBE76F60063CD02 /* InventoryLocation+MyStuff.swift */,
				C902FF481DBE77130063CD02 /* InventoryLocationCategory+MyStuff.swift */,
				C9564F311F840276007D84F6 /* RemoteInventory.swift */,
				C91856941F8D881D001B08A0 /* InventoriesFactory.swift */,
			);
			name = "Inventory Models";
			path = ..;
			sourceTree = "<group>";
		};
		C904771F1EEE30770082D894 /* Protocols */ = {
			isa = PBXGroup;
			children = (
				C9DEC1051F805CF6004602EB /* DateFacade.swift */,
				C90477201EEE30D60082D894 /* KeypadViewModel.swift */,
				C9B825EA1EB9A47C009B92F0 /* SegueHandler.swift */,
				C9EDFD2B1F842F2300C07CB8 /* StoryboardInitializable.swift */,
			);
			name = Protocols;
			sourceTree = "<group>";
		};
		C94084741EFCCB7F00638E25 /* Scenes */ = {
			isa = PBXGroup;
			children = (
				C9C2DA041F0F3AF7007263FB /* Common */,
				C9B825E71EB9A0ED009B92F0 /* Initial */,
				C9F516051DB7F11D004C10E6 /* Inventory */,
				C902FF311DB81BF70063CD02 /* Invoice */,
				C94084751EFCCB7F00638E25 /* Order */,
				C902FF2F1DB81BD00063CD02 /* Settings */,
			);
			path = Scenes;
			sourceTree = "<group>";
		};
		C94084751EFCCB7F00638E25 /* Order */ = {
			isa = PBXGroup;
			children = (
				C97A712A1F8EC06B00F2F1CD /* Date List */,
				C97A712B1F8EC07900F2F1CD /* Vendor List */,
				C9C221151EFCCE4A009C7D01 /* Item List */,
				C9C221161EFCCE61009C7D01 /* Keypad */,
			);
			path = Order;
			sourceTree = "<group>";
		};
		C940847A1EFCCC8B00638E25 /* Models */ = {
			isa = PBXGroup;
			children = (
				C902FF4A1DBE77290063CD02 /* Inventory Models */,
				C96870E01DDA1ED000EC06AB /* Invoice Models */,
				C9E198D31DC566780065FB98 /* Order Models */,
				C98A4FB01DC927CD002BB076 /* Item+MyStuff.swift */,
				C9428EE81E03314B002771EA /* ItemCategory+MyStuff.swift */,
				C98A4FB21DCB0233002BB076 /* Unit+MyStuff.swift */,
				C91B4EDB1E5C2863002DA2A5 /* User.swift */,
				C98A4FB41DCB0329002BB076 /* Vendor+MyStuff.swift */,
				C9090FFB1EB929EF0035A1DA /* VendorRep+MyStuff.swift */,
				C9BB057F1F8315B000A07529 /* RemoteItem.swift */,
			);
			path = Models;
			sourceTree = "<group>";
		};
		C949C2091F15E210008A5EC4 /* Keypad */ = {
			isa = PBXGroup;
			children = (
				C92D75C01DC7A81400AA1A02 /* InvoiceKeypadViewController.swift */,
				C949C20A1F15E354008A5EC4 /* InvoiceKeypadViewController.storyboard */,
				C9F645581EDF6B53000E1AF4 /* InvoiceKeypadViewModel.swift */,
			);
			name = Keypad;
			sourceTree = "<group>";
		};
		C949C20C1F1606E6008A5EC4 /* Item List */ = {
			isa = PBXGroup;
			children = (
				C92D75BE1DC7A7E500AA1A02 /* InvoiceItemViewController.swift */,
				C949C20D1F160719008A5EC4 /* InvoiceItemViewModel.swift */,
			);
			name = "Item List";
			sourceTree = "<group>";
		};
		C9534D351F9003C000DA4A78 /* RxSwift */ = {
			isa = PBXGroup;
			children = (
				C9534D361F90042B00DA4A78 /* materialized+elements.swift */,
			);
			path = RxSwift;
			sourceTree = "<group>";
		};
		C96870E01DDA1ED000EC06AB /* Invoice Models */ = {
			isa = PBXGroup;
			children = (
				C96870E11DDA1F0900EC06AB /* InvoiceCollection+MyStuff.swift */,
				C96870E31DDA1F1500EC06AB /* Invoice+MyStuff.swift */,
				C96870E51DDA1F1C00EC06AB /* InvoiceItem+MyStuff.swift */,
				C9CC04DE1F84C13C00180120 /* RemoteInvoice.swift */,
			);
			name = "Invoice Models";
			path = ..;
			sourceTree = "<group>";
		};
		C97A71281F8EC03D00F2F1CD /* Date List */ = {
			isa = PBXGroup;
			children = (
				C9A14AC11DC67A0F00ACDE69 /* InvoiceDateViewController.swift */,
				C9BB058C1F831B0F00A07529 /* InvoiceDateViewModel.swift */,
			);
			name = "Date List";
			sourceTree = "<group>";
		};
		C97A71291F8EC04F00F2F1CD /* Vendor List */ = {
			isa = PBXGroup;
			children = (
				C92D75BC1DC7A7C200AA1A02 /* InvoiceVendorViewController.swift */,
				C97A71311F8EC83700F2F1CD /* InvoiceVendorViewModel.swift */,
			);
			name = "Vendor List";
			sourceTree = "<group>";
		};
		C97A712A1F8EC06B00F2F1CD /* Date List */ = {
			isa = PBXGroup;
			children = (
				C9E198D41DC5669E0065FB98 /* OrderDateViewController.swift */,
				C9BB058E1F831B2200A07529 /* OrderDateViewModel.swift */,
			);
			name = "Date List";
			sourceTree = "<group>";
		};
		C97A712B1F8EC07900F2F1CD /* Vendor List */ = {
			isa = PBXGroup;
			children = (
				C904822F1F96A543001A3E01 /* OrderVendorViewController.storyboard */,
				C9A14ABB1DC6742700ACDE69 /* OrderVendorViewController.swift */,
				C97A712F1F8EC4A100F2F1CD /* OrderVendorViewModel.swift */,
			);
			name = "Vendor List";
			sourceTree = "<group>";
		};
		C97A712C1F8EC09600F2F1CD /* Date List */ = {
			isa = PBXGroup;
			children = (
				C9BB05901F831D6600A07529 /* InventoryDateViewController.swift */,
				C9BB058A1F831AF900A07529 /* InventoryDateViewModel.swift */,
			);
			name = "Date List";
			sourceTree = "<group>";
		};
		C97A712D1F8EC0AF00F2F1CD /* Location List */ = {
			isa = PBXGroup;
			children = (
				C95DE42B1F9587580079B43B /* InventoryLocationViewController.storyboard */,
				C9F516071DB7F133004C10E6 /* InventoryLocationViewController.swift */,
				C97A71331F8EC94A00F2F1CD /* InventoryLocationViewModel.swift */,
			);
			name = "Location List";
			sourceTree = "<group>";
		};
		C97A712E1F8EC0BA00F2F1CD /* Category List */ = {
			isa = PBXGroup;
			children = (
				C9F516081DB7F133004C10E6 /* InventoryLocationCategoryTVC.swift */,
				C97A71351F8EC96100F2F1CD /* InventoryLocationCategoryViewModel.swift */,
			);
			name = "Category List";
			sourceTree = "<group>";
		};
		C97A713B1F8ECAEC00F2F1CD /* Review List */ = {
			isa = PBXGroup;
			children = (
				C97A713C1F8ECEA900F2F1CD /* InventoryReviewViewController.storyboard */,
				C97A71371F8ECACE00F2F1CD /* InventoryReviewViewController.swift */,
				C97A71391F8ECADD00F2F1CD /* InventoryReviewViewModel.swift */,
				C90459121F93E31400E517C7 /* InventoryReviewItemViewModel.swift */,
			);
			name = "Review List";
			sourceTree = "<group>";
		};
		C9B825E61EB9A0A4009B92F0 /* Core Data Helpers */ = {
			isa = PBXGroup;
			children = (
				C9124F741DF0D61E00166A08 /* CoreDataStack.swift */,
				C9124F761DF0D7DD00166A08 /* CoreDataImporter.swift */,
				C9D3E3A61EAD233C0008F444 /* TableViewDataSource.swift */,
				C9090FFD1EB92D8B0035A1DA /* Managed.swift */,
				C9428EE61E032FCC002771EA /* Syncable.swift */,
				C9174D421F83232C008639CC /* SyncableParent.swift */,
				C9DF4E0C1F7479DD009C690A /* NSManagedObjectContext+Managed.swift */,
				C96870E71DDA982A00EC06AB /* NSManagedObjectContext+MyStuff.swift */,
				C9174D441F832393008639CC /* NSManagedObjectContext+Syncable.swift */,
			);
			name = "Core Data Helpers";
			sourceTree = "<group>";
		};
		C9B825E71EB9A0ED009B92F0 /* Initial */ = {
			isa = PBXGroup;
			children = (
				C935E9A31E60D713003BF386 /* InitialLoginVC.swift */,
				C9174D461F833265008639CC /* InitialLoginViewModel.swift */,
				C9A0B2EB1E63D2A300404320 /* InitialSignUpViewController.swift */,
			);
			path = Initial;
			sourceTree = "<group>";
		};
		C9BA91271DEB957400DA2C6C /* Extensions */ = {
			isa = PBXGroup;
			children = (
				C9BB05811F8315F700A07529 /* Alamofire */,
				C9BA91291DEB959500DA2C6C /* Foundation */,
				C9534D351F9003C000DA4A78 /* RxSwift */,
				C9BA91281DEB958200DA2C6C /* UIKit */,
				C976305E1F219A0900BA8E42 /* JSON+Date.swift */,
			);
			path = Extensions;
			sourceTree = "<group>";
		};
		C9BA91281DEB958200DA2C6C /* UIKit */ = {
			isa = PBXGroup;
			children = (
				C95F52EF1F88046C00C90BCD /* UIAlertControllerStyle+Adaptive.swift */,
				C90CF93D1EFDADC000097DCB /* UIButton+setBackgroundColor.swift */,
				C96B74EE1F194F5900C881E0 /* UITextField+Stuff.swift */,
				C9BA912D1DEB969200DA2C6C /* UIView+Magic.swift */,
				C968B8601EF9D171005CE2FC /* UIViewController+Alert.swift */,
				C9C221181EFCD423009C7D01 /* UIViewController+Instance.swift */,
			);
			path = UIKit;
			sourceTree = "<group>";
		};
		C9BA91291DEB959500DA2C6C /* Foundation */ = {
			isa = PBXGroup;
			children = (
				C988CE701DF5050D00A8028B /* Array+MyStuff.swift */,
				C98EE04C1DDD800900EE2AC7 /* Date+MyStuff.swift */,
				C9C2DA0A1F0F5ADA007263FB /* NSDate+MyStuff.swift */,
				C9BA912B1DEB961E00DA2C6C /* NSObject+Magic.swift */,
				C9DB04F71F8E9C6300C58F55 /* String+MyStuff.swift */,
				C95B31031F809B98002ED2B9 /* TimeInterval+MyStuff.swift */,
			);
			path = Foundation;
			sourceTree = "<group>";
		};
		C9BB05811F8315F700A07529 /* Alamofire */ = {
			isa = PBXGroup;
			children = (
				C9BB05841F83164400A07529 /* AlamofireDecodableError.swift */,
				C9BB05821F83162500A07529 /* DataRequest+Decodable.swift */,
			);
			path = Alamofire;
			sourceTree = "<group>";
		};
		C9C221151EFCCE4A009C7D01 /* Item List */ = {
			isa = PBXGroup;
			children = (
				C9EB7D891EE7910000515429 /* MailComposer.swift */,
				C9D16F2A1DD277390073F95E /* MessageComposer.swift */,
				C91C92831EFCDBE400566CEB /* OrderItemTableViewCell.swift */,
				C9A14ABD1DC6746300ACDE69 /* OrderItemViewController.swift */,
				C91C92811EFCD98F00566CEB /* OrderItemViewController.storyboard */,
				C968B85D1EF7275E005CE2FC /* OrderViewModel.swift */,
			);
			name = "Item List";
			sourceTree = "<group>";
		};
		C9C221161EFCCE61009C7D01 /* Keypad */ = {
			isa = PBXGroup;
			children = (
				C98D915F1EDE1CC300B3D4E8 /* OrderKeypadViewModel.swift */,
				C9A14ABF1DC6748000ACDE69 /* OrderKeypadViewController.swift */,
				C91C92891EFCE65800566CEB /* OrderKeypadViewController.storyboard */,
			);
			name = Keypad;
			sourceTree = "<group>";
		};
		C9C2DA041F0F3AF7007263FB /* Common */ = {
			isa = PBXGroup;
			children = (
				C9BB05881F83171000A07529 /* ActivityIndicator.swift */,
				C971B4491DC02F9C007DD7A8 /* ColorPalette.swift */,
				C94084761EFCCB7F00638E25 /* Dynamic.swift */,
				C902FF2D1DB816EB0063CD02 /* Keypad.swift */,
				C902FF3C1DBD8B3F0063CD02 /* NumberKeypadButton.swift */,
				C902FF3D1DBD8B3F0063CD02 /* OperationKeypadButton.swift */,
				C91C92851EFCDD9000566CEB /* RoundButton.swift */,
				C9C2DA051F0F3BC3007263FB /* SubItemTableViewCell.swift */,
				C98165011F915E7F006EC785 /* SubItemCellViewModelType.swift */,
			);
			path = Common;
			sourceTree = "<group>";
		};
		C9C2DA091F0F3F56007263FB /* LocationItem List */ = {
			isa = PBXGroup;
			children = (
				C9F516091DB7F133004C10E6 /* InventoryLocationItemTVC.swift */,
				C9C2DA071F0F3EC2007263FB /* InventoryLocationItemViewModel.swift */,
			);
			name = "LocationItem List";
			sourceTree = "<group>";
		};
		C9CB6FC71F01D28F0094ED07 /* Keypad */ = {
			isa = PBXGroup;
			children = (
				C9F5160A1DB7F133004C10E6 /* InventoryKeypadViewController.swift */,
				C98A90871F97E97400644548 /* InventoryKeypadViewModel.swift */,
				C9CB6FC51F01D2300094ED07 /* InventoryKeypadViewController.storyboard */,
			);
			name = Keypad;
			sourceTree = "<group>";
		};
		C9E198D31DC566780065FB98 /* Order Models */ = {
			isa = PBXGroup;
			children = (
				C9A14AF11DC6AAA000ACDE69 /* OrderCollection+MyStuff.swift */,
				C9A14AF31DC6B21800ACDE69 /* Order+MyStuff.swift */,
				C9A14AF51DC6B22300ACDE69 /* OrderItem+MyStuff.swift */,
				C92EC6311F84C80300B47C23 /* RemoteOrder.swift */,
			);
			name = "Order Models";
			path = ..;
			sourceTree = "<group>";
		};
		C9F515D41DB7EF98004C10E6 = {
			isa = PBXGroup;
			children = (
				C9F515DF1DB7EF98004C10E6 /* Mobile */,
				C9F515F71DB7EF98004C10E6 /* MobileTests */,
				C9F515DE1DB7EF98004C10E6 /* Products */,
				E2A047F8CE6B9B7295CA21F4 /* Pods */,
				2CB51C8B861C60945D4B77A9 /* Frameworks */,
			);
			sourceTree = "<group>";
		};
		C9F515DE1DB7EF98004C10E6 /* Products */ = {
			isa = PBXGroup;
			children = (
				C9F515DD1DB7EF98004C10E6 /* Mobile.app */,
				C9F515F41DB7EF98004C10E6 /* MobileTests.xctest */,
			);
			name = Products;
			sourceTree = "<group>";
		};
		C9F515DF1DB7EF98004C10E6 /* Mobile */ = {
			isa = PBXGroup;
			children = (
				C9F515E01DB7EF98004C10E6 /* AppDelegate.swift */,
				C91B4EDD1E5CC1FC002DA2A5 /* CurrentUserManager.swift */,
				C9F515E21DB7EF98004C10E6 /* ViewController.swift */,
				C9BB05861F83169800A07529 /* DataManager.swift */,
				C9B825E61EB9A0A4009B92F0 /* Core Data Helpers */,
				C9BA91271DEB957400DA2C6C /* Extensions */,
				C940847A1EFCCC8B00638E25 /* Models */,
				C904771F1EEE30770082D894 /* Protocols */,
				C9F516101DB7F144004C10E6 /* Networking */,
				C94084741EFCCB7F00638E25 /* Scenes */,
				C9F515E41DB7EF98004C10E6 /* Main.storyboard */,
				C9F515E71DB7EF98004C10E6 /* Mobile.xcdatamodeld */,
				C9F515EA1DB7EF98004C10E6 /* Assets.xcassets */,
				C9F516041DB7F062004C10E6 /* Support */,
			);
			path = Mobile;
			sourceTree = "<group>";
		};
		C9F515F71DB7EF98004C10E6 /* MobileTests */ = {
			isa = PBXGroup;
			children = (
				C9F515F81DB7EF98004C10E6 /* MobileTests.swift */,
				C9F515FA1DB7EF98004C10E6 /* Info.plist */,
			);
			path = MobileTests;
			sourceTree = "<group>";
		};
		C9F516041DB7F062004C10E6 /* Support */ = {
			isa = PBXGroup;
			children = (
				C9F515EC1DB7EF98004C10E6 /* LaunchScreen.storyboard */,
				C9F516031DB7F05A004C10E6 /* Mobile.entitlements */,
				C9F515EF1DB7EF98004C10E6 /* Info.plist */,
			);
			name = Support;
			sourceTree = "<group>";
		};
		C9F516051DB7F11D004C10E6 /* Inventory */ = {
			isa = PBXGroup;
			children = (
				C97A712C1F8EC09600F2F1CD /* Date List */,
				C97A712D1F8EC0AF00F2F1CD /* Location List */,
				C97A712E1F8EC0BA00F2F1CD /* Category List */,
				C9C2DA091F0F3F56007263FB /* LocationItem List */,
				C9CB6FC71F01D28F0094ED07 /* Keypad */,
				C97A713B1F8ECAEC00F2F1CD /* Review List */,
			);
			path = Inventory;
			sourceTree = "<group>";
		};
		C9F516101DB7F144004C10E6 /* Networking */ = {
			isa = PBXGroup;
			children = (
				C982341A1DCD3B3A00E3E353 /* SyncManager.swift */,
				C9F516111DB7F158004C10E6 /* Router.swift */,
				C9F516121DB7F158004C10E6 /* APIManager.swift */,
				C9F516131DB7F158004C10E6 /* AlamofireRequest+JSONSerializable.swift */,
				C9F516141DB7F158004C10E6 /* AuthenticationHandler.swift */,
			);
			name = Networking;
			sourceTree = "<group>";
		};
		E2A047F8CE6B9B7295CA21F4 /* Pods */ = {
			isa = PBXGroup;
			children = (
				6B720FCBE35A278707E0AB7A /* Pods-Mobile.debug.xcconfig */,
				E7E121BAFBB6D4F072EDD6C3 /* Pods-Mobile.release.xcconfig */,
				D430FB7BCEC8764AA38D8E28 /* Pods-MobileTests.debug.xcconfig */,
				1759CF217E0F7753CCC30E90 /* Pods-MobileTests.release.xcconfig */,
			);
			name = Pods;
			sourceTree = "<group>";
		};
/* End PBXGroup section */

/* Begin PBXNativeTarget section */
		C9F515DC1DB7EF98004C10E6 /* Mobile */ = {
			isa = PBXNativeTarget;
			buildConfigurationList = C9F515FD1DB7EF98004C10E6 /* Build configuration list for PBXNativeTarget "Mobile" */;
			buildPhases = (
				3959FB9E5A8CB018B9D3DF30 /* [CP] Check Pods Manifest.lock */,
				C9F515D91DB7EF98004C10E6 /* Sources */,
				C9F515DA1DB7EF98004C10E6 /* Frameworks */,
				C9F515DB1DB7EF98004C10E6 /* Resources */,
				52092E81B2BA2C8F6EDD3BBF /* [CP] Embed Pods Frameworks */,
				ADA2809B8EAE7BBE3EA5C642 /* [CP] Copy Pods Resources */,
				C95A8DC21E7896BA001F425B /* ShellScript */,
				C9EFD1341EBCEE0B008F7F02 /* ShellScript */,
			);
			buildRules = (
			);
			dependencies = (
			);
			name = Mobile;
			productName = Mobile;
			productReference = C9F515DD1DB7EF98004C10E6 /* Mobile.app */;
			productType = "com.apple.product-type.application";
		};
		C9F515F31DB7EF98004C10E6 /* MobileTests */ = {
			isa = PBXNativeTarget;
			buildConfigurationList = C9F516001DB7EF98004C10E6 /* Build configuration list for PBXNativeTarget "MobileTests" */;
			buildPhases = (
				8507A96BC768BE04726A314C /* [CP] Check Pods Manifest.lock */,
				C9F515F01DB7EF98004C10E6 /* Sources */,
				C9F515F11DB7EF98004C10E6 /* Frameworks */,
				C9F515F21DB7EF98004C10E6 /* Resources */,
				A68C2C4EF9B40AF525EC8A57 /* [CP] Embed Pods Frameworks */,
				938C148BC7C130199F109DC7 /* [CP] Copy Pods Resources */,
			);
			buildRules = (
			);
			dependencies = (
				C9F515F61DB7EF98004C10E6 /* PBXTargetDependency */,
			);
			name = MobileTests;
			productName = MobileTests;
			productReference = C9F515F41DB7EF98004C10E6 /* MobileTests.xctest */;
			productType = "com.apple.product-type.bundle.unit-test";
		};
/* End PBXNativeTarget section */

/* Begin PBXProject section */
		C9F515D51DB7EF98004C10E6 /* Project object */ = {
			isa = PBXProject;
			attributes = {
				LastSwiftUpdateCheck = 0800;
				LastUpgradeCheck = 0820;
				ORGANIZATIONNAME = "Mathew Gacy";
				TargetAttributes = {
					C9F515DC1DB7EF98004C10E6 = {
						CreatedOnToolsVersion = 8.0;
						DevelopmentTeam = 2PMX4WLK83;
						LastSwiftMigration = 0900;
						ProvisioningStyle = Automatic;
						SystemCapabilities = {
							com.apple.Keychain = {
								enabled = 1;
							};
							com.apple.SafariKeychain = {
								enabled = 1;
							};
						};
					};
					C9F515F31DB7EF98004C10E6 = {
						CreatedOnToolsVersion = 8.0;
						DevelopmentTeam = NYT8K4678F;
						LastSwiftMigration = 0900;
						ProvisioningStyle = Automatic;
						TestTargetID = C9F515DC1DB7EF98004C10E6;
					};
				};
			};
			buildConfigurationList = C9F515D81DB7EF98004C10E6 /* Build configuration list for PBXProject "Mobile" */;
			compatibilityVersion = "Xcode 3.2";
			developmentRegion = English;
			hasScannedForEncodings = 0;
			knownRegions = (
				en,
				Base,
			);
			mainGroup = C9F515D41DB7EF98004C10E6;
			productRefGroup = C9F515DE1DB7EF98004C10E6 /* Products */;
			projectDirPath = "";
			projectRoot = "";
			targets = (
				C9F515DC1DB7EF98004C10E6 /* Mobile */,
				C9F515F31DB7EF98004C10E6 /* MobileTests */,
			);
		};
/* End PBXProject section */

/* Begin PBXResourcesBuildPhase section */
		C9F515DB1DB7EF98004C10E6 /* Resources */ = {
			isa = PBXResourcesBuildPhase;
			buildActionMask = 2147483647;
			files = (
				C9F515EE1DB7EF98004C10E6 /* LaunchScreen.storyboard in Resources */,
				C9F515EB1DB7EF98004C10E6 /* Assets.xcassets in Resources */,
				C9CB6FC61F01D2300094ED07 /* InventoryKeypadViewController.storyboard in Resources */,
				C95DE42C1F9587580079B43B /* InventoryLocationViewController.storyboard in Resources */,
				C90482301F96A543001A3E01 /* OrderVendorViewController.storyboard in Resources */,
				C91C928A1EFCE65800566CEB /* OrderKeypadViewController.storyboard in Resources */,
				C949C20B1F15E354008A5EC4 /* InvoiceKeypadViewController.storyboard in Resources */,
				C9F515E61DB7EF98004C10E6 /* Main.storyboard in Resources */,
				C97A713D1F8ECEA900F2F1CD /* InventoryReviewViewController.storyboard in Resources */,
				C91C92821EFCD98F00566CEB /* OrderItemViewController.storyboard in Resources */,
			);
			runOnlyForDeploymentPostprocessing = 0;
		};
		C9F515F21DB7EF98004C10E6 /* Resources */ = {
			isa = PBXResourcesBuildPhase;
			buildActionMask = 2147483647;
			files = (
			);
			runOnlyForDeploymentPostprocessing = 0;
		};
/* End PBXResourcesBuildPhase section */

/* Begin PBXShellScriptBuildPhase section */
		3959FB9E5A8CB018B9D3DF30 /* [CP] Check Pods Manifest.lock */ = {
			isa = PBXShellScriptBuildPhase;
			buildActionMask = 2147483647;
			files = (
			);
			inputPaths = (
				"${PODS_PODFILE_DIR_PATH}/Podfile.lock",
				"${PODS_ROOT}/Manifest.lock",
			);
			name = "[CP] Check Pods Manifest.lock";
			outputPaths = (
				"$(DERIVED_FILE_DIR)/Pods-Mobile-checkManifestLockResult.txt",
			);
			runOnlyForDeploymentPostprocessing = 0;
			shellPath = /bin/sh;
			shellScript = "diff \"${PODS_PODFILE_DIR_PATH}/Podfile.lock\" \"${PODS_ROOT}/Manifest.lock\" > /dev/null\nif [ $? != 0 ] ; then\n    # print error to STDERR\n    echo \"error: The sandbox is not in sync with the Podfile.lock. Run 'pod install' or update your CocoaPods installation.\" >&2\n    exit 1\nfi\n# This output is used by Xcode 'outputs' to avoid re-running this script phase.\necho \"SUCCESS\" > \"${SCRIPT_OUTPUT_FILE_0}\"\n";
			showEnvVarsInLog = 0;
		};
		52092E81B2BA2C8F6EDD3BBF /* [CP] Embed Pods Frameworks */ = {
			isa = PBXShellScriptBuildPhase;
			buildActionMask = 2147483647;
			files = (
			);
			inputPaths = (
				"${SRCROOT}/Pods/Target Support Files/Pods-Mobile/Pods-Mobile-frameworks.sh",
				"${BUILT_PRODUCTS_DIR}/1PasswordExtension/OnePasswordExtension.framework",
				"${BUILT_PRODUCTS_DIR}/Alamofire/Alamofire.framework",
				"${BUILT_PRODUCTS_DIR}/KeychainAccess/KeychainAccess.framework",
				"${BUILT_PRODUCTS_DIR}/PKHUD/PKHUD.framework",
				"${BUILT_PRODUCTS_DIR}/RxAlamofire/RxAlamofire.framework",
				"${BUILT_PRODUCTS_DIR}/RxCocoa/RxCocoa.framework",
				"${BUILT_PRODUCTS_DIR}/RxSwift/RxSwift.framework",
				"${BUILT_PRODUCTS_DIR}/SwiftyBeaver/SwiftyBeaver.framework",
				"${BUILT_PRODUCTS_DIR}/SwiftyJSON/SwiftyJSON.framework",
			);
			name = "[CP] Embed Pods Frameworks";
			outputPaths = (
				"${TARGET_BUILD_DIR}/${FRAMEWORKS_FOLDER_PATH}/OnePasswordExtension.framework",
				"${TARGET_BUILD_DIR}/${FRAMEWORKS_FOLDER_PATH}/Alamofire.framework",
				"${TARGET_BUILD_DIR}/${FRAMEWORKS_FOLDER_PATH}/KeychainAccess.framework",
				"${TARGET_BUILD_DIR}/${FRAMEWORKS_FOLDER_PATH}/PKHUD.framework",
				"${TARGET_BUILD_DIR}/${FRAMEWORKS_FOLDER_PATH}/RxAlamofire.framework",
				"${TARGET_BUILD_DIR}/${FRAMEWORKS_FOLDER_PATH}/RxCocoa.framework",
				"${TARGET_BUILD_DIR}/${FRAMEWORKS_FOLDER_PATH}/RxSwift.framework",
				"${TARGET_BUILD_DIR}/${FRAMEWORKS_FOLDER_PATH}/SwiftyBeaver.framework",
				"${TARGET_BUILD_DIR}/${FRAMEWORKS_FOLDER_PATH}/SwiftyJSON.framework",
			);
			runOnlyForDeploymentPostprocessing = 0;
			shellPath = /bin/sh;
			shellScript = "\"${SRCROOT}/Pods/Target Support Files/Pods-Mobile/Pods-Mobile-frameworks.sh\"\n";
			showEnvVarsInLog = 0;
		};
		8507A96BC768BE04726A314C /* [CP] Check Pods Manifest.lock */ = {
			isa = PBXShellScriptBuildPhase;
			buildActionMask = 2147483647;
			files = (
			);
			inputPaths = (
				"${PODS_PODFILE_DIR_PATH}/Podfile.lock",
				"${PODS_ROOT}/Manifest.lock",
			);
			name = "[CP] Check Pods Manifest.lock";
			outputPaths = (
				"$(DERIVED_FILE_DIR)/Pods-MobileTests-checkManifestLockResult.txt",
			);
			runOnlyForDeploymentPostprocessing = 0;
			shellPath = /bin/sh;
			shellScript = "diff \"${PODS_PODFILE_DIR_PATH}/Podfile.lock\" \"${PODS_ROOT}/Manifest.lock\" > /dev/null\nif [ $? != 0 ] ; then\n    # print error to STDERR\n    echo \"error: The sandbox is not in sync with the Podfile.lock. Run 'pod install' or update your CocoaPods installation.\" >&2\n    exit 1\nfi\n# This output is used by Xcode 'outputs' to avoid re-running this script phase.\necho \"SUCCESS\" > \"${SCRIPT_OUTPUT_FILE_0}\"\n";
			showEnvVarsInLog = 0;
		};
		938C148BC7C130199F109DC7 /* [CP] Copy Pods Resources */ = {
			isa = PBXShellScriptBuildPhase;
			buildActionMask = 2147483647;
			files = (
			);
			inputPaths = (
			);
			name = "[CP] Copy Pods Resources";
			outputPaths = (
			);
			runOnlyForDeploymentPostprocessing = 0;
			shellPath = /bin/sh;
			shellScript = "\"${SRCROOT}/Pods/Target Support Files/Pods-MobileTests/Pods-MobileTests-resources.sh\"\n";
			showEnvVarsInLog = 0;
		};
		A68C2C4EF9B40AF525EC8A57 /* [CP] Embed Pods Frameworks */ = {
			isa = PBXShellScriptBuildPhase;
			buildActionMask = 2147483647;
			files = (
			);
			inputPaths = (
			);
			name = "[CP] Embed Pods Frameworks";
			outputPaths = (
			);
			runOnlyForDeploymentPostprocessing = 0;
			shellPath = /bin/sh;
			shellScript = "\"${SRCROOT}/Pods/Target Support Files/Pods-MobileTests/Pods-MobileTests-frameworks.sh\"\n";
			showEnvVarsInLog = 0;
		};
		ADA2809B8EAE7BBE3EA5C642 /* [CP] Copy Pods Resources */ = {
			isa = PBXShellScriptBuildPhase;
			buildActionMask = 2147483647;
			files = (
			);
			inputPaths = (
			);
			name = "[CP] Copy Pods Resources";
			outputPaths = (
			);
			runOnlyForDeploymentPostprocessing = 0;
			shellPath = /bin/sh;
			shellScript = "\"${SRCROOT}/Pods/Target Support Files/Pods-Mobile/Pods-Mobile-resources.sh\"\n";
			showEnvVarsInLog = 0;
		};
		C95A8DC21E7896BA001F425B /* ShellScript */ = {
			isa = PBXShellScriptBuildPhase;
			buildActionMask = 2147483647;
			files = (
			);
			inputPaths = (
			);
			outputPaths = (
			);
			runOnlyForDeploymentPostprocessing = 0;
			shellPath = /bin/sh;
			shellScript = "if [[ $USER == 'matt' ]]; then\n    /Users/matt/scripts/incrementXcodeBuild\nfi";
		};
		C9EFD1341EBCEE0B008F7F02 /* ShellScript */ = {
			isa = PBXShellScriptBuildPhase;
			buildActionMask = 2147483647;
			files = (
			);
			inputPaths = (
			);
			outputPaths = (
			);
			runOnlyForDeploymentPostprocessing = 0;
			shellPath = /bin/sh;
			shellScript = "if which swiftlint >/dev/null; then\n    swiftlint\nelse\n    echo \"warning: SwiftLint not installed, download from https://github.com/realm/SwiftLint\"\nfi";
		};
/* End PBXShellScriptBuildPhase section */

/* Begin PBXSourcesBuildPhase section */
		C9F515D91DB7EF98004C10E6 /* Sources */ = {
			isa = PBXSourcesBuildPhase;
			buildActionMask = 2147483647;
			files = (
				C91B4EDC1E5C2863002DA2A5 /* User.swift in Sources */,
				C91856951F8D881D001B08A0 /* InventoriesFactory.swift in Sources */,
				C9F515E31DB7EF98004C10E6 /* ViewController.swift in Sources */,
				C9BB05851F83164400A07529 /* AlamofireDecodableError.swift in Sources */,
				C9428EE91E03314B002771EA /* ItemCategory+MyStuff.swift in Sources */,
				C92EC6321F84C80300B47C23 /* RemoteOrder.swift in Sources */,
				C95F52F01F88046C00C90BCD /* UIAlertControllerStyle+Adaptive.swift in Sources */,
				C92D75BF1DC7A7E500AA1A02 /* InvoiceItemViewController.swift in Sources */,
				C90459131F93E31400E517C7 /* InventoryReviewItemViewModel.swift in Sources */,
				C98165021F915E7F006EC785 /* SubItemCellViewModelType.swift in Sources */,
				C9F515E91DB7EF98004C10E6 /* Mobile.xcdatamodeld in Sources */,
				C9A14AC01DC6748000ACDE69 /* OrderKeypadViewController.swift in Sources */,
				C902FF411DBE70290063CD02 /* Inventory+MyStuff.swift in Sources */,
				C982341B1DCD3B3A00E3E353 /* SyncManager.swift in Sources */,
				C949C20E1F160719008A5EC4 /* InvoiceItemViewModel.swift in Sources */,
				C9F516161DB7F158004C10E6 /* APIManager.swift in Sources */,
				C902FF471DBE76F60063CD02 /* InventoryLocation+MyStuff.swift in Sources */,
				C9DF4E0D1F7479DD009C690A /* NSManagedObjectContext+Managed.swift in Sources */,
				C96870E81DDA982A00EC06AB /* NSManagedObjectContext+MyStuff.swift in Sources */,
				C9534D371F90042B00DA4A78 /* materialized+elements.swift in Sources */,
				C9A14ABE1DC6746300ACDE69 /* OrderItemViewController.swift in Sources */,
				C976305F1F219A0900BA8E42 /* JSON+Date.swift in Sources */,
				C9BB05911F831D6600A07529 /* InventoryDateViewController.swift in Sources */,
				C98A90881F97E97400644548 /* InventoryKeypadViewModel.swift in Sources */,
				C92D75BD1DC7A7C200AA1A02 /* InvoiceVendorViewController.swift in Sources */,
				C9BB05801F8315B000A07529 /* RemoteItem.swift in Sources */,
				C95B31041F809B98002ED2B9 /* TimeInterval+MyStuff.swift in Sources */,
				C9090FFE1EB92D8B0035A1DA /* Managed.swift in Sources */,
				C9A14AF41DC6B21800ACDE69 /* Order+MyStuff.swift in Sources */,
				C98A4FB51DCB0329002BB076 /* Vendor+MyStuff.swift in Sources */,
				C9564F321F840276007D84F6 /* RemoteInventory.swift in Sources */,
				C9BA912C1DEB961E00DA2C6C /* NSObject+Magic.swift in Sources */,
				C902FF431DBE769C0063CD02 /* InventoryItem+MyStuff.swift in Sources */,
				C9F645591EDF6B53000E1AF4 /* InvoiceKeypadViewModel.swift in Sources */,
				C92D75C31DC7A93100AA1A02 /* LoginViewController.swift in Sources */,
				C98D91601EDE1CC300B3D4E8 /* OrderKeypadViewModel.swift in Sources */,
				C9BB058B1F831AF900A07529 /* InventoryDateViewModel.swift in Sources */,
				C9C221191EFCD424009C7D01 /* UIViewController+Instance.swift in Sources */,
				C9A14AF61DC6B22300ACDE69 /* OrderItem+MyStuff.swift in Sources */,
				C9BB058D1F831B0F00A07529 /* InvoiceDateViewModel.swift in Sources */,
				C97A713A1F8ECADD00F2F1CD /* InventoryReviewViewModel.swift in Sources */,
				C91B4EDE1E5CC1FC002DA2A5 /* CurrentUserManager.swift in Sources */,
				C9090FFC1EB929EF0035A1DA /* VendorRep+MyStuff.swift in Sources */,
				C9174D431F83232C008639CC /* SyncableParent.swift in Sources */,
				C97A71321F8EC83700F2F1CD /* InvoiceVendorViewModel.swift in Sources */,
				C968B8611EF9D171005CE2FC /* UIViewController+Alert.swift in Sources */,
				C9C2DA0B1F0F5ADA007263FB /* NSDate+MyStuff.swift in Sources */,
				C9BB058F1F831B2200A07529 /* OrderDateViewModel.swift in Sources */,
				C9C2DA081F0F3EC2007263FB /* InventoryLocationItemViewModel.swift in Sources */,
				C9F5160C1DB7F133004C10E6 /* InventoryLocationViewController.swift in Sources */,
				C9DB04F81F8E9C6300C58F55 /* String+MyStuff.swift in Sources */,
				C9F5160E1DB7F133004C10E6 /* InventoryLocationItemTVC.swift in Sources */,
				C9174D471F833265008639CC /* InitialLoginViewModel.swift in Sources */,
				C9174D451F832393008639CC /* NSManagedObjectContext+Syncable.swift in Sources */,
				C90477211EEE30D60082D894 /* KeypadViewModel.swift in Sources */,
				C98EE04D1DDD800900EE2AC7 /* Date+MyStuff.swift in Sources */,
				C97A71361F8EC96100F2F1CD /* InventoryLocationCategoryViewModel.swift in Sources */,
				C9DEC1061F805CF7004602EB /* DateFacade.swift in Sources */,
				C97A71301F8EC4A100F2F1CD /* OrderVendorViewModel.swift in Sources */,
				C935E9A41E60D713003BF386 /* InitialLoginVC.swift in Sources */,
				C9BB05831F83162500A07529 /* DataRequest+Decodable.swift in Sources */,
				C9F516171DB7F158004C10E6 /* AlamofireRequest+JSONSerializable.swift in Sources */,
				C902FF451DBE76D60063CD02 /* InventoryLocationItem+MyStuff.swift in Sources */,
				C9D3E3A71EAD233C0008F444 /* TableViewDataSource.swift in Sources */,
				C971B44A1DC02F9C007DD7A8 /* ColorPalette.swift in Sources */,
				C9A14AC21DC67A0F00ACDE69 /* InvoiceDateViewController.swift in Sources */,
				C9428EE71E032FCC002771EA /* Syncable.swift in Sources */,
				C9BB05871F83169800A07529 /* DataManager.swift in Sources */,
				C91C92841EFCDBE400566CEB /* OrderItemTableViewCell.swift in Sources */,
				C9F516151DB7F158004C10E6 /* Router.swift in Sources */,
				C92D75C11DC7A81400AA1A02 /* InvoiceKeypadViewController.swift in Sources */,
				C97A71381F8ECACE00F2F1CD /* InventoryReviewViewController.swift in Sources */,
				C96B74EF1F194F5900C881E0 /* UITextField+Stuff.swift in Sources */,
				C90CF93E1EFDADC000097DCB /* UIButton+setBackgroundColor.swift in Sources */,
				C9B825EB1EB9A47C009B92F0 /* SegueHandler.swift in Sources */,
				C92D75C51DC7A94100AA1A02 /* SettingsViewController.swift in Sources */,
				C9F516181DB7F158004C10E6 /* AuthenticationHandler.swift in Sources */,
				C9BB05891F83171000A07529 /* ActivityIndicator.swift in Sources */,
				C96870E41DDA1F1500EC06AB /* Invoice+MyStuff.swift in Sources */,
				C9A14ABC1DC6742700ACDE69 /* OrderVendorViewController.swift in Sources */,
				C9C2DA061F0F3BC3007263FB /* SubItemTableViewCell.swift in Sources */,
				C968B85E1EF7275E005CE2FC /* OrderViewModel.swift in Sources */,
				C9F515E11DB7EF98004C10E6 /* AppDelegate.swift in Sources */,
				C902FF2E1DB816EB0063CD02 /* Keypad.swift in Sources */,
				C9E198D51DC5669E0065FB98 /* OrderDateViewController.swift in Sources */,
				C9BA912E1DEB969200DA2C6C /* UIView+Magic.swift in Sources */,
				C9EDFD2C1F842F2300C07CB8 /* StoryboardInitializable.swift in Sources */,
				C9F5160D1DB7F133004C10E6 /* InventoryLocationCategoryTVC.swift in Sources */,
				C902FF3F1DBD8B3F0063CD02 /* OperationKeypadButton.swift in Sources */,
				C9124F771DF0D7DD00166A08 /* CoreDataImporter.swift in Sources */,
				C902FF491DBE77130063CD02 /* InventoryLocationCategory+MyStuff.swift in Sources */,
				C9CC04DF1F84C13C00180120 /* RemoteInvoice.swift in Sources */,
				C9124F751DF0D61E00166A08 /* CoreDataStack.swift in Sources */,
				C9EB7D8A1EE7910000515429 /* MailComposer.swift in Sources */,
				C9D16F2B1DD277390073F95E /* MessageComposer.swift in Sources */,
				C96870E61DDA1F1C00EC06AB /* InvoiceItem+MyStuff.swift in Sources */,
				C902FF3E1DBD8B3F0063CD02 /* NumberKeypadButton.swift in Sources */,
				C9A0B2EC1E63D2A300404320 /* InitialSignUpViewController.swift in Sources */,
				C988CE711DF5050D00A8028B /* Array+MyStuff.swift in Sources */,
				C91C92861EFCDD9000566CEB /* RoundButton.swift in Sources */,
				C9F5160F1DB7F133004C10E6 /* InventoryKeypadViewController.swift in Sources */,
				C96870E21DDA1F0900EC06AB /* InvoiceCollection+MyStuff.swift in Sources */,
				C97A71341F8EC94A00F2F1CD /* InventoryLocationViewModel.swift in Sources */,
				C9A14AF21DC6AAA000ACDE69 /* OrderCollection+MyStuff.swift in Sources */,
				C98A4FB31DCB0233002BB076 /* Unit+MyStuff.swift in Sources */,
				C98A4FB11DC927CD002BB076 /* Item+MyStuff.swift in Sources */,
			);
			runOnlyForDeploymentPostprocessing = 0;
		};
		C9F515F01DB7EF98004C10E6 /* Sources */ = {
			isa = PBXSourcesBuildPhase;
			buildActionMask = 2147483647;
			files = (
				C9F515F91DB7EF98004C10E6 /* MobileTests.swift in Sources */,
			);
			runOnlyForDeploymentPostprocessing = 0;
		};
/* End PBXSourcesBuildPhase section */

/* Begin PBXTargetDependency section */
		C9F515F61DB7EF98004C10E6 /* PBXTargetDependency */ = {
			isa = PBXTargetDependency;
			target = C9F515DC1DB7EF98004C10E6 /* Mobile */;
			targetProxy = C9F515F51DB7EF98004C10E6 /* PBXContainerItemProxy */;
		};
/* End PBXTargetDependency section */

/* Begin PBXVariantGroup section */
		C9F515E41DB7EF98004C10E6 /* Main.storyboard */ = {
			isa = PBXVariantGroup;
			children = (
				C9F515E51DB7EF98004C10E6 /* Base */,
			);
			name = Main.storyboard;
			sourceTree = "<group>";
		};
		C9F515EC1DB7EF98004C10E6 /* LaunchScreen.storyboard */ = {
			isa = PBXVariantGroup;
			children = (
				C9F515ED1DB7EF98004C10E6 /* Base */,
			);
			name = LaunchScreen.storyboard;
			sourceTree = "<group>";
		};
/* End PBXVariantGroup section */

/* Begin XCBuildConfiguration section */
		C9F515FB1DB7EF98004C10E6 /* Debug */ = {
			isa = XCBuildConfiguration;
			buildSettings = {
				ALWAYS_SEARCH_USER_PATHS = NO;
				CLANG_ANALYZER_NONNULL = YES;
				CLANG_CXX_LANGUAGE_STANDARD = "gnu++0x";
				CLANG_CXX_LIBRARY = "libc++";
				CLANG_ENABLE_MODULES = YES;
				CLANG_ENABLE_OBJC_ARC = YES;
				CLANG_WARN_BOOL_CONVERSION = YES;
				CLANG_WARN_CONSTANT_CONVERSION = YES;
				CLANG_WARN_DIRECT_OBJC_ISA_USAGE = YES_ERROR;
				CLANG_WARN_DOCUMENTATION_COMMENTS = YES;
				CLANG_WARN_EMPTY_BODY = YES;
				CLANG_WARN_ENUM_CONVERSION = YES;
				CLANG_WARN_INFINITE_RECURSION = YES;
				CLANG_WARN_INT_CONVERSION = YES;
				CLANG_WARN_OBJC_ROOT_CLASS = YES_ERROR;
				CLANG_WARN_SUSPICIOUS_MOVE = YES;
				CLANG_WARN_SUSPICIOUS_MOVES = YES;
				CLANG_WARN_UNREACHABLE_CODE = YES;
				CLANG_WARN__DUPLICATE_METHOD_MATCH = YES;
				"CODE_SIGN_IDENTITY[sdk=iphoneos*]" = "iPhone Developer";
				COPY_PHASE_STRIP = NO;
				DEBUG_INFORMATION_FORMAT = dwarf;
				ENABLE_STRICT_OBJC_MSGSEND = YES;
				ENABLE_TESTABILITY = YES;
				GCC_C_LANGUAGE_STANDARD = gnu99;
				GCC_DYNAMIC_NO_PIC = NO;
				GCC_NO_COMMON_BLOCKS = YES;
				GCC_OPTIMIZATION_LEVEL = 0;
				GCC_PREPROCESSOR_DEFINITIONS = (
					"DEBUG=1",
					"$(inherited)",
				);
				GCC_WARN_64_TO_32_BIT_CONVERSION = YES;
				GCC_WARN_ABOUT_RETURN_TYPE = YES_ERROR;
				GCC_WARN_UNDECLARED_SELECTOR = YES;
				GCC_WARN_UNINITIALIZED_AUTOS = YES_AGGRESSIVE;
				GCC_WARN_UNUSED_FUNCTION = YES;
				GCC_WARN_UNUSED_VARIABLE = YES;
				IPHONEOS_DEPLOYMENT_TARGET = 10.0;
				MTL_ENABLE_DEBUG_INFO = YES;
				ONLY_ACTIVE_ARCH = YES;
				SDKROOT = iphoneos;
				SWIFT_ACTIVE_COMPILATION_CONDITIONS = DEBUG;
				SWIFT_OPTIMIZATION_LEVEL = "-Onone";
				TARGETED_DEVICE_FAMILY = "1,2";
			};
			name = Debug;
		};
		C9F515FC1DB7EF98004C10E6 /* Release */ = {
			isa = XCBuildConfiguration;
			buildSettings = {
				ALWAYS_SEARCH_USER_PATHS = NO;
				CLANG_ANALYZER_NONNULL = YES;
				CLANG_CXX_LANGUAGE_STANDARD = "gnu++0x";
				CLANG_CXX_LIBRARY = "libc++";
				CLANG_ENABLE_MODULES = YES;
				CLANG_ENABLE_OBJC_ARC = YES;
				CLANG_WARN_BOOL_CONVERSION = YES;
				CLANG_WARN_CONSTANT_CONVERSION = YES;
				CLANG_WARN_DIRECT_OBJC_ISA_USAGE = YES_ERROR;
				CLANG_WARN_DOCUMENTATION_COMMENTS = YES;
				CLANG_WARN_EMPTY_BODY = YES;
				CLANG_WARN_ENUM_CONVERSION = YES;
				CLANG_WARN_INFINITE_RECURSION = YES;
				CLANG_WARN_INT_CONVERSION = YES;
				CLANG_WARN_OBJC_ROOT_CLASS = YES_ERROR;
				CLANG_WARN_SUSPICIOUS_MOVE = YES;
				CLANG_WARN_SUSPICIOUS_MOVES = YES;
				CLANG_WARN_UNREACHABLE_CODE = YES;
				CLANG_WARN__DUPLICATE_METHOD_MATCH = YES;
				"CODE_SIGN_IDENTITY[sdk=iphoneos*]" = "iPhone Developer";
				COPY_PHASE_STRIP = NO;
				DEBUG_INFORMATION_FORMAT = "dwarf-with-dsym";
				ENABLE_NS_ASSERTIONS = NO;
				ENABLE_STRICT_OBJC_MSGSEND = YES;
				GCC_C_LANGUAGE_STANDARD = gnu99;
				GCC_NO_COMMON_BLOCKS = YES;
				GCC_WARN_64_TO_32_BIT_CONVERSION = YES;
				GCC_WARN_ABOUT_RETURN_TYPE = YES_ERROR;
				GCC_WARN_UNDECLARED_SELECTOR = YES;
				GCC_WARN_UNINITIALIZED_AUTOS = YES_AGGRESSIVE;
				GCC_WARN_UNUSED_FUNCTION = YES;
				GCC_WARN_UNUSED_VARIABLE = YES;
				IPHONEOS_DEPLOYMENT_TARGET = 10.0;
				MTL_ENABLE_DEBUG_INFO = NO;
				SDKROOT = iphoneos;
				SWIFT_OPTIMIZATION_LEVEL = "-Owholemodule";
				TARGETED_DEVICE_FAMILY = "1,2";
				VALIDATE_PRODUCT = YES;
			};
			name = Release;
		};
		C9F515FE1DB7EF98004C10E6 /* Debug */ = {
			isa = XCBuildConfiguration;
			baseConfigurationReference = 6B720FCBE35A278707E0AB7A /* Pods-Mobile.debug.xcconfig */;
			buildSettings = {
				ALWAYS_EMBED_SWIFT_STANDARD_LIBRARIES = YES;
				ASSETCATALOG_COMPILER_APPICON_NAME = AppIcon;
				CODE_SIGN_ENTITLEMENTS = Mobile/Mobile.entitlements;
				CODE_SIGN_IDENTITY = "iPhone Developer";
				DEVELOPMENT_TEAM = 2PMX4WLK83;
				INFOPLIST_FILE = Mobile/Info.plist;
				LD_RUNPATH_SEARCH_PATHS = "$(inherited) @executable_path/Frameworks";
				PRODUCT_BUNDLE_IDENTIFIER = com.mgacy.Mobile;
				PRODUCT_NAME = "$(TARGET_NAME)";
				SWIFT_SWIFT3_OBJC_INFERENCE = On;
				SWIFT_VERSION = 4.0;
			};
			name = Debug;
		};
		C9F515FF1DB7EF98004C10E6 /* Release */ = {
			isa = XCBuildConfiguration;
			baseConfigurationReference = E7E121BAFBB6D4F072EDD6C3 /* Pods-Mobile.release.xcconfig */;
			buildSettings = {
				ALWAYS_EMBED_SWIFT_STANDARD_LIBRARIES = YES;
				ASSETCATALOG_COMPILER_APPICON_NAME = AppIcon;
				CODE_SIGN_ENTITLEMENTS = Mobile/Mobile.entitlements;
				CODE_SIGN_IDENTITY = "iPhone Developer";
				DEVELOPMENT_TEAM = 2PMX4WLK83;
				INFOPLIST_FILE = Mobile/Info.plist;
				LD_RUNPATH_SEARCH_PATHS = "$(inherited) @executable_path/Frameworks";
				PRODUCT_BUNDLE_IDENTIFIER = com.mgacy.Mobile;
				PRODUCT_NAME = "$(TARGET_NAME)";
				SWIFT_SWIFT3_OBJC_INFERENCE = On;
				SWIFT_VERSION = 4.0;
			};
			name = Release;
		};
		C9F516011DB7EF98004C10E6 /* Debug */ = {
			isa = XCBuildConfiguration;
			baseConfigurationReference = D430FB7BCEC8764AA38D8E28 /* Pods-MobileTests.debug.xcconfig */;
			buildSettings = {
				ALWAYS_EMBED_SWIFT_STANDARD_LIBRARIES = YES;
				BUNDLE_LOADER = "$(TEST_HOST)";
				DEVELOPMENT_TEAM = NYT8K4678F;
				INFOPLIST_FILE = MobileTests/Info.plist;
				LD_RUNPATH_SEARCH_PATHS = "$(inherited) @executable_path/Frameworks @loader_path/Frameworks";
				PRODUCT_BUNDLE_IDENTIFIER = com.mgacy.MobileTests;
				PRODUCT_NAME = "$(TARGET_NAME)";
				SWIFT_SWIFT3_OBJC_INFERENCE = On;
				SWIFT_VERSION = 4.0;
				TEST_HOST = "$(BUILT_PRODUCTS_DIR)/Mobile.app/Mobile";
			};
			name = Debug;
		};
		C9F516021DB7EF98004C10E6 /* Release */ = {
			isa = XCBuildConfiguration;
			baseConfigurationReference = 1759CF217E0F7753CCC30E90 /* Pods-MobileTests.release.xcconfig */;
			buildSettings = {
				ALWAYS_EMBED_SWIFT_STANDARD_LIBRARIES = YES;
				BUNDLE_LOADER = "$(TEST_HOST)";
				DEVELOPMENT_TEAM = NYT8K4678F;
				INFOPLIST_FILE = MobileTests/Info.plist;
				LD_RUNPATH_SEARCH_PATHS = "$(inherited) @executable_path/Frameworks @loader_path/Frameworks";
				PRODUCT_BUNDLE_IDENTIFIER = com.mgacy.MobileTests;
				PRODUCT_NAME = "$(TARGET_NAME)";
				SWIFT_SWIFT3_OBJC_INFERENCE = On;
				SWIFT_VERSION = 4.0;
				TEST_HOST = "$(BUILT_PRODUCTS_DIR)/Mobile.app/Mobile";
			};
			name = Release;
		};
/* End XCBuildConfiguration section */

/* Begin XCConfigurationList section */
		C9F515D81DB7EF98004C10E6 /* Build configuration list for PBXProject "Mobile" */ = {
			isa = XCConfigurationList;
			buildConfigurations = (
				C9F515FB1DB7EF98004C10E6 /* Debug */,
				C9F515FC1DB7EF98004C10E6 /* Release */,
			);
			defaultConfigurationIsVisible = 0;
			defaultConfigurationName = Release;
		};
		C9F515FD1DB7EF98004C10E6 /* Build configuration list for PBXNativeTarget "Mobile" */ = {
			isa = XCConfigurationList;
			buildConfigurations = (
				C9F515FE1DB7EF98004C10E6 /* Debug */,
				C9F515FF1DB7EF98004C10E6 /* Release */,
			);
			defaultConfigurationIsVisible = 0;
			defaultConfigurationName = Release;
		};
		C9F516001DB7EF98004C10E6 /* Build configuration list for PBXNativeTarget "MobileTests" */ = {
			isa = XCConfigurationList;
			buildConfigurations = (
				C9F516011DB7EF98004C10E6 /* Debug */,
				C9F516021DB7EF98004C10E6 /* Release */,
			);
			defaultConfigurationIsVisible = 0;
			defaultConfigurationName = Release;
		};
/* End XCConfigurationList section */

/* Begin XCVersionGroup section */
		C9F515E71DB7EF98004C10E6 /* Mobile.xcdatamodeld */ = {
			isa = XCVersionGroup;
			children = (
				C9ECDB271F214DB9002AA99E /* Mobile 3a.xcdatamodel */,
				C968B85F1EF8DD63005CE2FC /* Mobile 2.xcdatamodel */,
				C9F515E81DB7EF98004C10E6 /* Mobile.xcdatamodel */,
			);
			currentVersion = C9ECDB271F214DB9002AA99E /* Mobile 3a.xcdatamodel */;
			path = Mobile.xcdatamodeld;
			sourceTree = "<group>";
			versionGroupType = wrapper.xcdatamodel;
		};
/* End XCVersionGroup section */
	};
	rootObject = C9F515D51DB7EF98004C10E6 /* Project object */;
}
